// !$*UTF8*$!
{
	archiveVersion = 1;
	classes = {
	};
	objectVersion = 45;
	objects = {

/* Begin PBXBuildFile section */
		1D3623260D0F684500981E51 /* BuzzalotAppDelegate.m in Sources */ = {isa = PBXBuildFile; fileRef = 1D3623250D0F684500981E51 /* BuzzalotAppDelegate.m */; };
		1D60589B0D05DD56006BFB54 /* main.m in Sources */ = {isa = PBXBuildFile; fileRef = 29B97316FDCFA39411CA2CEA /* main.m */; };
		1D60589F0D05DD5A006BFB54 /* Foundation.framework in Frameworks */ = {isa = PBXBuildFile; fileRef = 1D30AB110D05D00D00671497 /* Foundation.framework */; };
		1DF5F4E00D08C38300B7A737 /* UIKit.framework in Frameworks */ = {isa = PBXBuildFile; fileRef = 1DF5F4DF0D08C38300B7A737 /* UIKit.framework */; };
		288765FD0DF74451002DB57D /* CoreGraphics.framework in Frameworks */ = {isa = PBXBuildFile; fileRef = 288765FC0DF74451002DB57D /* CoreGraphics.framework */; };
		6304B581111D00C5006C0A31 /* your_bubble.png in Resources */ = {isa = PBXBuildFile; fileRef = 6304B57F111D00C5006C0A31 /* your_bubble.png */; };
		6304B582111D00C5006C0A31 /* my_bubble.png in Resources */ = {isa = PBXBuildFile; fileRef = 6304B580111D00C5006C0A31 /* my_bubble.png */; };
		630A5ED911211EC8000AD362 /* BuzzerModel.m in Sources */ = {isa = PBXBuildFile; fileRef = 630A5ED811211EC8000AD362 /* BuzzerModel.m */; };
		630A602711213810000AD362 /* MessageModel.m in Sources */ = {isa = PBXBuildFile; fileRef = 630A602611213810000AD362 /* MessageModel.m */; };
		630C15A811222E4100465A4E /* SQLMigrator.m in Sources */ = {isa = PBXBuildFile; fileRef = 630C15A711222E4100465A4E /* SQLMigrator.m */; };
		630C17F21123711200465A4E /* IconFinder.m in Sources */ = {isa = PBXBuildFile; fileRef = 630C17F11123711200465A4E /* IconFinder.m */; };
		630C182711238A8F00465A4E /* silhouette.png in Resources */ = {isa = PBXBuildFile; fileRef = 630C182611238A8F00465A4E /* silhouette.png */; };
		630C191F11250EB000465A4E /* UIImage+Alpha.m in Sources */ = {isa = PBXBuildFile; fileRef = 630C191A11250EB000465A4E /* UIImage+Alpha.m */; };
		630C192011250EB000465A4E /* UIImage+Resize.m in Sources */ = {isa = PBXBuildFile; fileRef = 630C191C11250EB000465A4E /* UIImage+Resize.m */; };
		630C192111250EB000465A4E /* UIImage+RoundedCorner.m in Sources */ = {isa = PBXBuildFile; fileRef = 630C191E11250EB000465A4E /* UIImage+RoundedCorner.m */; };
		63211BE4112E1B42004BA7D2 /* NSDate+HumanInterval.m in Sources */ = {isa = PBXBuildFile; fileRef = 63211BE3112E1B42004BA7D2 /* NSDate+HumanInterval.m */; };
		63211BE5112E1B42004BA7D2 /* NSDate+HumanInterval.m in Sources */ = {isa = PBXBuildFile; fileRef = 63211BE3112E1B42004BA7D2 /* NSDate+HumanInterval.m */; };
		635C8E98113CC3DF008D6370 /* sql in Resources */ = {isa = PBXBuildFile; fileRef = 635C8E92113CC3DF008D6370 /* sql */; };
		635C8EC1113CDF5E008D6370 /* AddressModel.m in Sources */ = {isa = PBXBuildFile; fileRef = 635C8EC0113CDF5E008D6370 /* AddressModel.m */; };
		636479BA111E79AD009E1544 /* icon.png in Resources */ = {isa = PBXBuildFile; fileRef = 636479B9111E79AD009E1544 /* icon.png */; };
		636479F0111E8CD8009E1544 /* SFHFKeychainUtils.m in Sources */ = {isa = PBXBuildFile; fileRef = 636479EF111E8CD8009E1544 /* SFHFKeychainUtils.m */; };
		636479F7111E8DAF009E1544 /* Legal.rtf in Resources */ = {isa = PBXBuildFile; fileRef = 636479F6111E8DAF009E1544 /* Legal.rtf */; };
		63647A2C111E8F83009E1544 /* Security.framework in Frameworks */ = {isa = PBXBuildFile; fileRef = 63647A2B111E8F83009E1544 /* Security.framework */; };
		63647A40111F6FA5009E1544 /* libsqlite3.0.dylib in Frameworks */ = {isa = PBXBuildFile; fileRef = 63647A3F111F6FA5009E1544 /* libsqlite3.0.dylib */; };
		63647B1C111FBB03009E1544 /* AddressBook.framework in Frameworks */ = {isa = PBXBuildFile; fileRef = 63647B1B111FBB03009E1544 /* AddressBook.framework */; };
		63834ABA112BCF13009A9CA6 /* HumanIntervalTest.m in Sources */ = {isa = PBXBuildFile; fileRef = 63834AB9112BCF13009A9CA6 /* HumanIntervalTest.m */; };
		6394376B1119356500E39D09 /* ABTableViewCell.m in Sources */ = {isa = PBXBuildFile; fileRef = 6394376A1119356500E39D09 /* ABTableViewCell.m */; };
		639438CF111A3D4C00E39D09 /* icon_frame.png in Resources */ = {isa = PBXBuildFile; fileRef = 639438CE111A3D4C00E39D09 /* icon_frame.png */; };
		63CA77D4114DA75700AF62C9 /* ComposeViewController.m in Sources */ = {isa = PBXBuildFile; fileRef = 63CA77D2114DA75700AF62C9 /* ComposeViewController.m */; };
		63CB6BD71119238D00738680 /* RootViewController.m in Sources */ = {isa = PBXBuildFile; fileRef = 63CB6BD61119238D00738680 /* RootViewController.m */; };
		63CB6BEE1119266F00738680 /* BuzzerCell.m in Sources */ = {isa = PBXBuildFile; fileRef = 63CB6BED1119266F00738680 /* BuzzerCell.m */; };
		63CFD6231141E4590098C0DF /* AddressViewController.m in Sources */ = {isa = PBXBuildFile; fileRef = 63CFD6221141E4590098C0DF /* AddressViewController.m */; };
		63CFD8D71144C78C0098C0DF /* blue_button.png in Resources */ = {isa = PBXBuildFile; fileRef = 63CFD8D51144C78C0098C0DF /* blue_button.png */; };
		63CFD8D81144C78C0098C0DF /* grey_button.png in Resources */ = {isa = PBXBuildFile; fileRef = 63CFD8D61144C78C0098C0DF /* grey_button.png */; };
		63CFD9221144CB070098C0DF /* green_button.png in Resources */ = {isa = PBXBuildFile; fileRef = 63CFD9211144CB070098C0DF /* green_button.png */; };
		63CFDA8C114610060098C0DF /* MBProgressHUD.m in Sources */ = {isa = PBXBuildFile; fileRef = 63CFDA8B114610060098C0DF /* MBProgressHUD.m */; };
		63FE18E8111BCBC000B855D7 /* MyColors.m in Sources */ = {isa = PBXBuildFile; fileRef = 63FE18E7111BCBC000B855D7 /* MyColors.m */; };
		63FE1A39111BE20900B855D7 /* ConfigViewController.m in Sources */ = {isa = PBXBuildFile; fileRef = 63FE1A38111BE20900B855D7 /* ConfigViewController.m */; };
		63FE1AC1111BEC9800B855D7 /* BuzzerViewController.m in Sources */ = {isa = PBXBuildFile; fileRef = 63FE1AC0111BEC9800B855D7 /* BuzzerViewController.m */; };
		63FE1BC0111CF41C00B855D7 /* MessageCell.m in Sources */ = {isa = PBXBuildFile; fileRef = 63FE1BBF111CF41C00B855D7 /* MessageCell.m */; };
/* End PBXBuildFile section */

/* Begin PBXFileReference section */
		1D30AB110D05D00D00671497 /* Foundation.framework */ = {isa = PBXFileReference; lastKnownFileType = wrapper.framework; name = Foundation.framework; path = System/Library/Frameworks/Foundation.framework; sourceTree = SDKROOT; };
		1D3623240D0F684500981E51 /* BuzzalotAppDelegate.h */ = {isa = PBXFileReference; fileEncoding = 4; lastKnownFileType = sourcecode.c.h; path = BuzzalotAppDelegate.h; sourceTree = "<group>"; };
		1D3623250D0F684500981E51 /* BuzzalotAppDelegate.m */ = {isa = PBXFileReference; fileEncoding = 4; lastKnownFileType = sourcecode.c.objc; path = BuzzalotAppDelegate.m; sourceTree = "<group>"; };
		1D6058910D05DD3D006BFB54 /* Buzzalot.app */ = {isa = PBXFileReference; explicitFileType = wrapper.application; includeInIndex = 0; path = Buzzalot.app; sourceTree = BUILT_PRODUCTS_DIR; };
		1DF5F4DF0D08C38300B7A737 /* UIKit.framework */ = {isa = PBXFileReference; lastKnownFileType = wrapper.framework; name = UIKit.framework; path = System/Library/Frameworks/UIKit.framework; sourceTree = SDKROOT; };
		288765FC0DF74451002DB57D /* CoreGraphics.framework */ = {isa = PBXFileReference; lastKnownFileType = wrapper.framework; name = CoreGraphics.framework; path = System/Library/Frameworks/CoreGraphics.framework; sourceTree = SDKROOT; };
		29B97316FDCFA39411CA2CEA /* main.m */ = {isa = PBXFileReference; fileEncoding = 4; lastKnownFileType = sourcecode.c.objc; path = main.m; sourceTree = "<group>"; };
		32CA4F630368D1EE00C91783 /* Buzzalot_Prefix.pch */ = {isa = PBXFileReference; fileEncoding = 4; lastKnownFileType = sourcecode.c.h; path = Buzzalot_Prefix.pch; sourceTree = "<group>"; };
		6304B57F111D00C5006C0A31 /* your_bubble.png */ = {isa = PBXFileReference; lastKnownFileType = image.png; path = your_bubble.png; sourceTree = "<group>"; };
		6304B580111D00C5006C0A31 /* my_bubble.png */ = {isa = PBXFileReference; lastKnownFileType = image.png; path = my_bubble.png; sourceTree = "<group>"; };
		630A5ED711211EC8000AD362 /* BuzzerModel.h */ = {isa = PBXFileReference; fileEncoding = 4; lastKnownFileType = sourcecode.c.h; path = BuzzerModel.h; sourceTree = "<group>"; };
		630A5ED811211EC8000AD362 /* BuzzerModel.m */ = {isa = PBXFileReference; fileEncoding = 4; lastKnownFileType = sourcecode.c.objc; path = BuzzerModel.m; sourceTree = "<group>"; };
		630A602511213810000AD362 /* MessageModel.h */ = {isa = PBXFileReference; fileEncoding = 4; lastKnownFileType = sourcecode.c.h; path = MessageModel.h; sourceTree = "<group>"; };
		630A602611213810000AD362 /* MessageModel.m */ = {isa = PBXFileReference; fileEncoding = 4; lastKnownFileType = sourcecode.c.objc; path = MessageModel.m; sourceTree = "<group>"; };
		630C15A611222E4100465A4E /* SQLMigrator.h */ = {isa = PBXFileReference; fileEncoding = 4; lastKnownFileType = sourcecode.c.h; path = SQLMigrator.h; sourceTree = "<group>"; };
		630C15A711222E4100465A4E /* SQLMigrator.m */ = {isa = PBXFileReference; fileEncoding = 4; lastKnownFileType = sourcecode.c.objc; path = SQLMigrator.m; sourceTree = "<group>"; };
		630C17F01123711200465A4E /* IconFinder.h */ = {isa = PBXFileReference; fileEncoding = 4; lastKnownFileType = sourcecode.c.h; path = IconFinder.h; sourceTree = "<group>"; };
		630C17F11123711200465A4E /* IconFinder.m */ = {isa = PBXFileReference; fileEncoding = 4; lastKnownFileType = sourcecode.c.objc; path = IconFinder.m; sourceTree = "<group>"; };
		630C182611238A8F00465A4E /* silhouette.png */ = {isa = PBXFileReference; lastKnownFileType = image.png; path = silhouette.png; sourceTree = "<group>"; };
		630C191911250EB000465A4E /* UIImage+Alpha.h */ = {isa = PBXFileReference; fileEncoding = 4; lastKnownFileType = sourcecode.c.h; path = "UIImage+Alpha.h"; sourceTree = "<group>"; };
		630C191A11250EB000465A4E /* UIImage+Alpha.m */ = {isa = PBXFileReference; fileEncoding = 4; lastKnownFileType = sourcecode.c.objc; path = "UIImage+Alpha.m"; sourceTree = "<group>"; };
		630C191B11250EB000465A4E /* UIImage+Resize.h */ = {isa = PBXFileReference; fileEncoding = 4; lastKnownFileType = sourcecode.c.h; path = "UIImage+Resize.h"; sourceTree = "<group>"; };
		630C191C11250EB000465A4E /* UIImage+Resize.m */ = {isa = PBXFileReference; fileEncoding = 4; lastKnownFileType = sourcecode.c.objc; path = "UIImage+Resize.m"; sourceTree = "<group>"; };
		630C191D11250EB000465A4E /* UIImage+RoundedCorner.h */ = {isa = PBXFileReference; fileEncoding = 4; lastKnownFileType = sourcecode.c.h; path = "UIImage+RoundedCorner.h"; sourceTree = "<group>"; };
		630C191E11250EB000465A4E /* UIImage+RoundedCorner.m */ = {isa = PBXFileReference; fileEncoding = 4; lastKnownFileType = sourcecode.c.objc; path = "UIImage+RoundedCorner.m"; sourceTree = "<group>"; };
		63211BE2112E1B42004BA7D2 /* NSDate+HumanInterval.h */ = {isa = PBXFileReference; fileEncoding = 4; lastKnownFileType = sourcecode.c.h; path = "NSDate+HumanInterval.h"; sourceTree = "<group>"; };
		63211BE3112E1B42004BA7D2 /* NSDate+HumanInterval.m */ = {isa = PBXFileReference; fileEncoding = 4; lastKnownFileType = sourcecode.c.objc; path = "NSDate+HumanInterval.m"; sourceTree = "<group>"; };
		635C8E92113CC3DF008D6370 /* sql */ = {isa = PBXFileReference; lastKnownFileType = folder; path = sql; sourceTree = "<group>"; };
		635C8EBF113CDF5E008D6370 /* AddressModel.h */ = {isa = PBXFileReference; fileEncoding = 4; lastKnownFileType = sourcecode.c.h; path = AddressModel.h; sourceTree = "<group>"; };
		635C8EC0113CDF5E008D6370 /* AddressModel.m */ = {isa = PBXFileReference; fileEncoding = 4; lastKnownFileType = sourcecode.c.objc; path = AddressModel.m; sourceTree = "<group>"; };
		636479B9111E79AD009E1544 /* icon.png */ = {isa = PBXFileReference; lastKnownFileType = image.png; path = icon.png; sourceTree = "<group>"; };
		636479EE111E8CD8009E1544 /* SFHFKeychainUtils.h */ = {isa = PBXFileReference; fileEncoding = 4; lastKnownFileType = sourcecode.c.h; name = SFHFKeychainUtils.h; path = "../scifihifi-iphone/security/SFHFKeychainUtils.h"; sourceTree = SOURCE_ROOT; };
		636479EF111E8CD8009E1544 /* SFHFKeychainUtils.m */ = {isa = PBXFileReference; fileEncoding = 4; lastKnownFileType = sourcecode.c.objc; name = SFHFKeychainUtils.m; path = "../scifihifi-iphone/security/SFHFKeychainUtils.m"; sourceTree = SOURCE_ROOT; };
		636479F6111E8DAF009E1544 /* Legal.rtf */ = {isa = PBXFileReference; lastKnownFileType = text.rtf; path = Legal.rtf; sourceTree = "<group>"; };
		63647A2B111E8F83009E1544 /* Security.framework */ = {isa = PBXFileReference; lastKnownFileType = wrapper.framework; name = Security.framework; path = System/Library/Frameworks/Security.framework; sourceTree = SDKROOT; };
		63647A3F111F6FA5009E1544 /* libsqlite3.0.dylib */ = {isa = PBXFileReference; lastKnownFileType = "compiled.mach-o.dylib"; name = libsqlite3.0.dylib; path = usr/lib/libsqlite3.0.dylib; sourceTree = SDKROOT; };
		63647A41111F70F1009E1544 /* 001-tables.sql */ = {isa = PBXFileReference; fileEncoding = 4; lastKnownFileType = text; path = "001-tables.sql"; sourceTree = "<group>"; };
		63647A46111F7C21009E1544 /* test_data.sql */ = {isa = PBXFileReference; fileEncoding = 4; lastKnownFileType = text; path = test_data.sql; sourceTree = "<group>"; };
		63647B1B111FBB03009E1544 /* AddressBook.framework */ = {isa = PBXFileReference; lastKnownFileType = wrapper.framework; name = AddressBook.framework; path = System/Library/Frameworks/AddressBook.framework; sourceTree = SDKROOT; };
		63834AAC112BCE5D009A9CA6 /* LogicTests.octest */ = {isa = PBXFileReference; explicitFileType = wrapper.cfbundle; includeInIndex = 0; path = LogicTests.octest; sourceTree = BUILT_PRODUCTS_DIR; };
		63834AAD112BCE5D009A9CA6 /* LogicTests-Info.plist */ = {isa = PBXFileReference; lastKnownFileType = text.plist.xml; path = "LogicTests-Info.plist"; sourceTree = "<group>"; };
		63834AB9112BCF13009A9CA6 /* HumanIntervalTest.m */ = {isa = PBXFileReference; fileEncoding = 4; lastKnownFileType = sourcecode.c.objc; path = HumanIntervalTest.m; sourceTree = "<group>"; };
		639437691119356500E39D09 /* ABTableViewCell.h */ = {isa = PBXFileReference; fileEncoding = 4; lastKnownFileType = sourcecode.c.h; path = ABTableViewCell.h; sourceTree = "<group>"; };
		6394376A1119356500E39D09 /* ABTableViewCell.m */ = {isa = PBXFileReference; fileEncoding = 4; lastKnownFileType = sourcecode.c.objc; path = ABTableViewCell.m; sourceTree = "<group>"; };
		639438CE111A3D4C00E39D09 /* icon_frame.png */ = {isa = PBXFileReference; lastKnownFileType = image.png; path = icon_frame.png; sourceTree = "<group>"; };
		63CA77D1114DA75700AF62C9 /* ComposeViewController.h */ = {isa = PBXFileReference; fileEncoding = 4; lastKnownFileType = sourcecode.c.h; path = ComposeViewController.h; sourceTree = "<group>"; };
		63CA77D2114DA75700AF62C9 /* ComposeViewController.m */ = {isa = PBXFileReference; fileEncoding = 4; lastKnownFileType = sourcecode.c.objc; path = ComposeViewController.m; sourceTree = "<group>"; };
		63CB6BD51119238D00738680 /* RootViewController.h */ = {isa = PBXFileReference; fileEncoding = 4; lastKnownFileType = sourcecode.c.h; path = RootViewController.h; sourceTree = "<group>"; };
		63CB6BD61119238D00738680 /* RootViewController.m */ = {isa = PBXFileReference; fileEncoding = 4; lastKnownFileType = sourcecode.c.objc; path = RootViewController.m; sourceTree = "<group>"; };
		63CB6BEC1119266F00738680 /* BuzzerCell.h */ = {isa = PBXFileReference; fileEncoding = 4; lastKnownFileType = sourcecode.c.h; path = BuzzerCell.h; sourceTree = "<group>"; };
		63CB6BED1119266F00738680 /* BuzzerCell.m */ = {isa = PBXFileReference; fileEncoding = 4; lastKnownFileType = sourcecode.c.objc; path = BuzzerCell.m; sourceTree = "<group>"; };
		63CFD6211141E4590098C0DF /* AddressViewController.h */ = {isa = PBXFileReference; fileEncoding = 4; lastKnownFileType = sourcecode.c.h; path = AddressViewController.h; sourceTree = "<group>"; };
		63CFD6221141E4590098C0DF /* AddressViewController.m */ = {isa = PBXFileReference; fileEncoding = 4; lastKnownFileType = sourcecode.c.objc; path = AddressViewController.m; sourceTree = "<group>"; };
		63CFD8D51144C78C0098C0DF /* blue_button.png */ = {isa = PBXFileReference; lastKnownFileType = image.png; path = blue_button.png; sourceTree = "<group>"; };
		63CFD8D61144C78C0098C0DF /* grey_button.png */ = {isa = PBXFileReference; lastKnownFileType = image.png; path = grey_button.png; sourceTree = "<group>"; };
		63CFD9211144CB070098C0DF /* green_button.png */ = {isa = PBXFileReference; lastKnownFileType = image.png; path = green_button.png; sourceTree = "<group>"; };
		63CFDA8A114610060098C0DF /* MBProgressHUD.h */ = {isa = PBXFileReference; fileEncoding = 4; lastKnownFileType = sourcecode.c.h; name = MBProgressHUD.h; path = ../MBProgressHUD/MBProgressHUD.h; sourceTree = SOURCE_ROOT; };
		63CFDA8B114610060098C0DF /* MBProgressHUD.m */ = {isa = PBXFileReference; fileEncoding = 4; lastKnownFileType = sourcecode.c.objc; name = MBProgressHUD.m; path = ../MBProgressHUD/MBProgressHUD.m; sourceTree = SOURCE_ROOT; };
		63FE18E7111BCBC000B855D7 /* MyColors.m */ = {isa = PBXFileReference; fileEncoding = 4; lastKnownFileType = sourcecode.c.objc; path = MyColors.m; sourceTree = "<group>"; };
		63FE18E9111BCC4200B855D7 /* MyColors.h */ = {isa = PBXFileReference; fileEncoding = 4; lastKnownFileType = sourcecode.c.h; path = MyColors.h; sourceTree = "<group>"; };
		63FE1A37111BE20900B855D7 /* ConfigViewController.h */ = {isa = PBXFileReference; fileEncoding = 4; lastKnownFileType = sourcecode.c.h; path = ConfigViewController.h; sourceTree = "<group>"; };
		63FE1A38111BE20900B855D7 /* ConfigViewController.m */ = {isa = PBXFileReference; fileEncoding = 4; lastKnownFileType = sourcecode.c.objc; path = ConfigViewController.m; sourceTree = "<group>"; };
		63FE1ABF111BEC9800B855D7 /* BuzzerViewController.h */ = {isa = PBXFileReference; fileEncoding = 4; lastKnownFileType = sourcecode.c.h; path = BuzzerViewController.h; sourceTree = "<group>"; };
		63FE1AC0111BEC9800B855D7 /* BuzzerViewController.m */ = {isa = PBXFileReference; fileEncoding = 4; lastKnownFileType = sourcecode.c.objc; path = BuzzerViewController.m; sourceTree = "<group>"; };
		63FE1BBE111CF41C00B855D7 /* MessageCell.h */ = {isa = PBXFileReference; fileEncoding = 4; lastKnownFileType = sourcecode.c.h; path = MessageCell.h; sourceTree = "<group>"; };
		63FE1BBF111CF41C00B855D7 /* MessageCell.m */ = {isa = PBXFileReference; fileEncoding = 4; lastKnownFileType = sourcecode.c.objc; path = MessageCell.m; sourceTree = "<group>"; };
		8D1107310486CEB800E47090 /* Info.plist */ = {isa = PBXFileReference; fileEncoding = 4; lastKnownFileType = text.plist.xml; path = Info.plist; plistStructureDefinitionIdentifier = "com.apple.xcode.plist.structure-definition.iphone.info-plist"; sourceTree = "<group>"; };
/* End PBXFileReference section */

/* Begin PBXFrameworksBuildPhase section */
		1D60588F0D05DD3D006BFB54 /* Frameworks */ = {
			isa = PBXFrameworksBuildPhase;
			buildActionMask = 2147483647;
			files = (
				1D60589F0D05DD5A006BFB54 /* Foundation.framework in Frameworks */,
				1DF5F4E00D08C38300B7A737 /* UIKit.framework in Frameworks */,
				288765FD0DF74451002DB57D /* CoreGraphics.framework in Frameworks */,
				63647A2C111E8F83009E1544 /* Security.framework in Frameworks */,
				63647A40111F6FA5009E1544 /* libsqlite3.0.dylib in Frameworks */,
				63647B1C111FBB03009E1544 /* AddressBook.framework in Frameworks */,
			);
			runOnlyForDeploymentPostprocessing = 0;
		};
		63834AA9112BCE5D009A9CA6 /* Frameworks */ = {
			isa = PBXFrameworksBuildPhase;
			buildActionMask = 2147483647;
			files = (
			);
			runOnlyForDeploymentPostprocessing = 0;
		};
/* End PBXFrameworksBuildPhase section */

/* Begin PBXGroup section */
		080E96DDFE201D6D7F000001 /* Classes */ = {
			isa = PBXGroup;
			children = (
				1D3623240D0F684500981E51 /* BuzzalotAppDelegate.h */,
				1D3623250D0F684500981E51 /* BuzzalotAppDelegate.m */,
				63CB6BD51119238D00738680 /* RootViewController.h */,
				63CB6BD61119238D00738680 /* RootViewController.m */,
				63CB6BEC1119266F00738680 /* BuzzerCell.h */,
				63CB6BED1119266F00738680 /* BuzzerCell.m */,
				63FE1A37111BE20900B855D7 /* ConfigViewController.h */,
				63FE1A38111BE20900B855D7 /* ConfigViewController.m */,
				63FE1ABF111BEC9800B855D7 /* BuzzerViewController.h */,
				63FE1AC0111BEC9800B855D7 /* BuzzerViewController.m */,
				63FE1BBE111CF41C00B855D7 /* MessageCell.h */,
				63FE1BBF111CF41C00B855D7 /* MessageCell.m */,
				630A5ED711211EC8000AD362 /* BuzzerModel.h */,
				630A5ED811211EC8000AD362 /* BuzzerModel.m */,
				630A602511213810000AD362 /* MessageModel.h */,
				630A602611213810000AD362 /* MessageModel.m */,
				635C8EBF113CDF5E008D6370 /* AddressModel.h */,
				635C8EC0113CDF5E008D6370 /* AddressModel.m */,
				63CFD6211141E4590098C0DF /* AddressViewController.h */,
				63CFD6221141E4590098C0DF /* AddressViewController.m */,
				63CA77D1114DA75700AF62C9 /* ComposeViewController.h */,
				63CA77D2114DA75700AF62C9 /* ComposeViewController.m */,
			);
			path = Classes;
			sourceTree = "<group>";
		};
		19C28FACFE9D520D11CA2CBB /* Products */ = {
			isa = PBXGroup;
			children = (
				1D6058910D05DD3D006BFB54 /* Buzzalot.app */,
				63834AAC112BCE5D009A9CA6 /* LogicTests.octest */,
			);
			name = Products;
			sourceTree = "<group>";
		};
		29B97314FDCFA39411CA2CEA /* CustomTemplate */ = {
			isa = PBXGroup;
			children = (
				080E96DDFE201D6D7F000001 /* Classes */,
				29B97315FDCFA39411CA2CEA /* Other Sources */,
				29B97317FDCFA39411CA2CEA /* Resources */,
				63834AB2112BCE9C009A9CA6 /* Tests */,
				29B97323FDCFA39411CA2CEA /* Frameworks */,
				19C28FACFE9D520D11CA2CBB /* Products */,
				63834AAD112BCE5D009A9CA6 /* LogicTests-Info.plist */,
			);
			name = CustomTemplate;
			sourceTree = "<group>";
		};
		29B97315FDCFA39411CA2CEA /* Other Sources */ = {
			isa = PBXGroup;
			children = (
				63CFDA8A114610060098C0DF /* MBProgressHUD.h */,
				63CFDA8B114610060098C0DF /* MBProgressHUD.m */,
				630C191811250EA200465A4E /* UIImage-categories */,
				636479EE111E8CD8009E1544 /* SFHFKeychainUtils.h */,
				636479EF111E8CD8009E1544 /* SFHFKeychainUtils.m */,
				639437691119356500E39D09 /* ABTableViewCell.h */,
				6394376A1119356500E39D09 /* ABTableViewCell.m */,
				32CA4F630368D1EE00C91783 /* Buzzalot_Prefix.pch */,
				29B97316FDCFA39411CA2CEA /* main.m */,
				63FE18E9111BCC4200B855D7 /* MyColors.h */,
				63FE18E7111BCBC000B855D7 /* MyColors.m */,
				630C15A611222E4100465A4E /* SQLMigrator.h */,
				630C15A711222E4100465A4E /* SQLMigrator.m */,
				630C17F01123711200465A4E /* IconFinder.h */,
				630C17F11123711200465A4E /* IconFinder.m */,
				63211BE2112E1B42004BA7D2 /* NSDate+HumanInterval.h */,
				63211BE3112E1B42004BA7D2 /* NSDate+HumanInterval.m */,
			);
			name = "Other Sources";
			sourceTree = "<group>";
		};
		29B97317FDCFA39411CA2CEA /* Resources */ = {
			isa = PBXGroup;
			children = (
				63CFD9211144CB070098C0DF /* green_button.png */,
				63CFD8D51144C78C0098C0DF /* blue_button.png */,
				63CFD8D61144C78C0098C0DF /* grey_button.png */,
				635C8E92113CC3DF008D6370 /* sql */,
				630C182611238A8F00465A4E /* silhouette.png */,
				63647A41111F70F1009E1544 /* 001-tables.sql */,
				636479F6111E8DAF009E1544 /* Legal.rtf */,
				636479B9111E79AD009E1544 /* icon.png */,
				6304B57F111D00C5006C0A31 /* your_bubble.png */,
				6304B580111D00C5006C0A31 /* my_bubble.png */,
				639438CE111A3D4C00E39D09 /* icon_frame.png */,
				8D1107310486CEB800E47090 /* Info.plist */,
				63647A46111F7C21009E1544 /* test_data.sql */,
			);
			name = Resources;
			sourceTree = "<group>";
		};
		29B97323FDCFA39411CA2CEA /* Frameworks */ = {
			isa = PBXGroup;
			children = (
				1DF5F4DF0D08C38300B7A737 /* UIKit.framework */,
				1D30AB110D05D00D00671497 /* Foundation.framework */,
				288765FC0DF74451002DB57D /* CoreGraphics.framework */,
				63647A2B111E8F83009E1544 /* Security.framework */,
				63647A3F111F6FA5009E1544 /* libsqlite3.0.dylib */,
				63647B1B111FBB03009E1544 /* AddressBook.framework */,
			);
			name = Frameworks;
			sourceTree = "<group>";
		};
		630C191811250EA200465A4E /* UIImage-categories */ = {
			isa = PBXGroup;
			children = (
				630C191911250EB000465A4E /* UIImage+Alpha.h */,
				630C191A11250EB000465A4E /* UIImage+Alpha.m */,
				630C191B11250EB000465A4E /* UIImage+Resize.h */,
				630C191C11250EB000465A4E /* UIImage+Resize.m */,
				630C191D11250EB000465A4E /* UIImage+RoundedCorner.h */,
				630C191E11250EB000465A4E /* UIImage+RoundedCorner.m */,
			);
			name = "UIImage-categories";
			sourceTree = "<group>";
		};
		63834AB2112BCE9C009A9CA6 /* Tests */ = {
			isa = PBXGroup;
			children = (
				63834AB9112BCF13009A9CA6 /* HumanIntervalTest.m */,
			);
			name = Tests;
			sourceTree = "<group>";
		};
/* End PBXGroup section */

/* Begin PBXNativeTarget section */
		1D6058900D05DD3D006BFB54 /* Buzzalot */ = {
			isa = PBXNativeTarget;
			buildConfigurationList = 1D6058960D05DD3E006BFB54 /* Build configuration list for PBXNativeTarget "Buzzalot" */;
			buildPhases = (
				1D60588D0D05DD3D006BFB54 /* Resources */,
				1D60588E0D05DD3D006BFB54 /* Sources */,
				1D60588F0D05DD3D006BFB54 /* Frameworks */,
			);
			buildRules = (
			);
			dependencies = (
			);
			name = Buzzalot;
			productName = Buzzalot;
			productReference = 1D6058910D05DD3D006BFB54 /* Buzzalot.app */;
			productType = "com.apple.product-type.application";
		};
		63834AAB112BCE5D009A9CA6 /* LogicTests */ = {
			isa = PBXNativeTarget;
			buildConfigurationList = 63834AB0112BCE5E009A9CA6 /* Build configuration list for PBXNativeTarget "LogicTests" */;
			buildPhases = (
				63834AA7112BCE5D009A9CA6 /* Resources */,
				63834AA8112BCE5D009A9CA6 /* Sources */,
				63834AA9112BCE5D009A9CA6 /* Frameworks */,
				63834AAA112BCE5D009A9CA6 /* ShellScript */,
			);
			buildRules = (
			);
			dependencies = (
			);
			name = LogicTests;
			productName = LogicTests;
			productReference = 63834AAC112BCE5D009A9CA6 /* LogicTests.octest */;
			productType = "com.apple.product-type.bundle";
		};
/* End PBXNativeTarget section */

/* Begin PBXProject section */
		29B97313FDCFA39411CA2CEA /* Project object */ = {
			isa = PBXProject;
			buildConfigurationList = C01FCF4E08A954540054247B /* Build configuration list for PBXProject "Buzzalot" */;
			compatibilityVersion = "Xcode 3.1";
			hasScannedForEncodings = 1;
			mainGroup = 29B97314FDCFA39411CA2CEA /* CustomTemplate */;
			projectDirPath = "";
			projectRoot = "";
			targets = (
				1D6058900D05DD3D006BFB54 /* Buzzalot */,
				63834AAB112BCE5D009A9CA6 /* LogicTests */,
			);
		};
/* End PBXProject section */

/* Begin PBXResourcesBuildPhase section */
		1D60588D0D05DD3D006BFB54 /* Resources */ = {
			isa = PBXResourcesBuildPhase;
			buildActionMask = 2147483647;
			files = (
				639438CF111A3D4C00E39D09 /* icon_frame.png in Resources */,
				6304B581111D00C5006C0A31 /* your_bubble.png in Resources */,
				6304B582111D00C5006C0A31 /* my_bubble.png in Resources */,
				636479BA111E79AD009E1544 /* icon.png in Resources */,
				636479F7111E8DAF009E1544 /* Legal.rtf in Resources */,
				630C182711238A8F00465A4E /* silhouette.png in Resources */,
				635C8E98113CC3DF008D6370 /* sql in Resources */,
				63CFD8D71144C78C0098C0DF /* blue_button.png in Resources */,
				63CFD8D81144C78C0098C0DF /* grey_button.png in Resources */,
				63CFD9221144CB070098C0DF /* green_button.png in Resources */,
			);
			runOnlyForDeploymentPostprocessing = 0;
		};
		63834AA7112BCE5D009A9CA6 /* Resources */ = {
			isa = PBXResourcesBuildPhase;
			buildActionMask = 2147483647;
			files = (
			);
			runOnlyForDeploymentPostprocessing = 0;
		};
/* End PBXResourcesBuildPhase section */

/* Begin PBXShellScriptBuildPhase section */
		63834AAA112BCE5D009A9CA6 /* ShellScript */ = {
			isa = PBXShellScriptBuildPhase;
			buildActionMask = 2147483647;
			files = (
			);
			inputPaths = (
			);
			outputPaths = (
			);
			runOnlyForDeploymentPostprocessing = 0;
			shellPath = /bin/sh;
			shellScript = "# Run the unit tests in this test bundle.\n\"${SYSTEM_DEVELOPER_DIR}/Tools/RunUnitTests\"\n";
		};
/* End PBXShellScriptBuildPhase section */

/* Begin PBXSourcesBuildPhase section */
		1D60588E0D05DD3D006BFB54 /* Sources */ = {
			isa = PBXSourcesBuildPhase;
			buildActionMask = 2147483647;
			files = (
				1D60589B0D05DD56006BFB54 /* main.m in Sources */,
				1D3623260D0F684500981E51 /* BuzzalotAppDelegate.m in Sources */,
				63CB6BD71119238D00738680 /* RootViewController.m in Sources */,
				63CB6BEE1119266F00738680 /* BuzzerCell.m in Sources */,
				6394376B1119356500E39D09 /* ABTableViewCell.m in Sources */,
				63FE18E8111BCBC000B855D7 /* MyColors.m in Sources */,
				63FE1A39111BE20900B855D7 /* ConfigViewController.m in Sources */,
				63FE1AC1111BEC9800B855D7 /* BuzzerViewController.m in Sources */,
				63FE1BC0111CF41C00B855D7 /* MessageCell.m in Sources */,
				636479F0111E8CD8009E1544 /* SFHFKeychainUtils.m in Sources */,
				630A5ED911211EC8000AD362 /* BuzzerModel.m in Sources */,
				630A602711213810000AD362 /* MessageModel.m in Sources */,
				630C15A811222E4100465A4E /* SQLMigrator.m in Sources */,
				630C17F21123711200465A4E /* IconFinder.m in Sources */,
				630C191F11250EB000465A4E /* UIImage+Alpha.m in Sources */,
				630C192011250EB000465A4E /* UIImage+Resize.m in Sources */,
				630C192111250EB000465A4E /* UIImage+RoundedCorner.m in Sources */,
				63211BE4112E1B42004BA7D2 /* NSDate+HumanInterval.m in Sources */,
				635C8EC1113CDF5E008D6370 /* AddressModel.m in Sources */,
				63CFD6231141E4590098C0DF /* AddressViewController.m in Sources */,
				63CFDA8C114610060098C0DF /* MBProgressHUD.m in Sources */,
				63CA77D4114DA75700AF62C9 /* ComposeViewController.m in Sources */,
			);
			runOnlyForDeploymentPostprocessing = 0;
		};
		63834AA8112BCE5D009A9CA6 /* Sources */ = {
			isa = PBXSourcesBuildPhase;
			buildActionMask = 2147483647;
			files = (
				63834ABA112BCF13009A9CA6 /* HumanIntervalTest.m in Sources */,
				63211BE5112E1B42004BA7D2 /* NSDate+HumanInterval.m in Sources */,
			);
			runOnlyForDeploymentPostprocessing = 0;
		};
/* End PBXSourcesBuildPhase section */

/* Begin XCBuildConfiguration section */
		1D6058940D05DD3E006BFB54 /* Debug */ = {
			isa = XCBuildConfiguration;
			buildSettings = {
				ALWAYS_SEARCH_USER_PATHS = NO;
				COPY_PHASE_STRIP = NO;
				GCC_DYNAMIC_NO_PIC = NO;
				GCC_OPTIMIZATION_LEVEL = 0;
				GCC_PRECOMPILE_PREFIX_HEADER = YES;
				GCC_PREFIX_HEADER = Buzzalot_Prefix.pch;
				INFOPLIST_FILE = Info.plist;
				PRODUCT_NAME = Buzzalot;
			};
			name = Debug;
		};
		1D6058950D05DD3E006BFB54 /* Release */ = {
			isa = XCBuildConfiguration;
			buildSettings = {
				ALWAYS_SEARCH_USER_PATHS = NO;
				COPY_PHASE_STRIP = YES;
				GCC_PRECOMPILE_PREFIX_HEADER = YES;
				GCC_PREFIX_HEADER = Buzzalot_Prefix.pch;
				INFOPLIST_FILE = Info.plist;
				PRODUCT_NAME = Buzzalot;
			};
			name = Release;
		};
		63834AAE112BCE5E009A9CA6 /* Debug */ = {
			isa = XCBuildConfiguration;
			buildSettings = {
				ALWAYS_SEARCH_USER_PATHS = NO;
				COPY_PHASE_STRIP = NO;
				FRAMEWORK_SEARCH_PATHS = (
					"\"$(SDKROOT)/Developer/Library/Frameworks\"",
					"\"$(DEVELOPER_LIBRARY_DIR)/Frameworks\"",
				);
				GCC_DYNAMIC_NO_PIC = NO;
				GCC_ENABLE_FIX_AND_CONTINUE = NO;
				GCC_ENABLE_OBJC_EXCEPTIONS = YES;
				GCC_OPTIMIZATION_LEVEL = 0;
				INFOPLIST_FILE = "LogicTests-Info.plist";
				OTHER_LDFLAGS = (
					"-framework",
					Foundation,
					"-framework",
					SenTestingKit,
					"-framework",
					UIKit,
				);
				PREBINDING = NO;
				PRODUCT_NAME = LogicTests;
				WRAPPER_EXTENSION = octest;
			};
			name = Debug;
		};
		63834AAF112BCE5E009A9CA6 /* Release */ = {
			isa = XCBuildConfiguration;
			buildSettings = {
				ALWAYS_SEARCH_USER_PATHS = NO;
				COPY_PHASE_STRIP = YES;
				DEBUG_INFORMATION_FORMAT = "dwarf-with-dsym";
				FRAMEWORK_SEARCH_PATHS = (
					"\"$(SDKROOT)/Developer/Library/Frameworks\"",
					"\"$(DEVELOPER_LIBRARY_DIR)/Frameworks\"",
				);
				GCC_ENABLE_FIX_AND_CONTINUE = NO;
				GCC_ENABLE_OBJC_EXCEPTIONS = YES;
				INFOPLIST_FILE = "LogicTests-Info.plist";
				OTHER_LDFLAGS = (
					"-framework",
					Foundation,
					"-framework",
					SenTestingKit,
					"-framework",
					UIKit,
				);
				PREBINDING = NO;
				PRODUCT_NAME = LogicTests;
				WRAPPER_EXTENSION = octest;
				ZERO_LINK = NO;
			};
			name = Release;
		};
		C01FCF4F08A954540054247B /* Debug */ = {
			isa = XCBuildConfiguration;
			buildSettings = {
				ARCHS = "$(ARCHS_STANDARD_32_BIT)";
				"CODE_SIGN_IDENTITY[sdk=iphoneos*]" = "iPhone Developer";
				GCC_C_LANGUAGE_STANDARD = c99;
				GCC_WARN_ABOUT_RETURN_TYPE = YES;
				GCC_WARN_UNUSED_VARIABLE = YES;
				PREBINDING = NO;
				SDKROOT = iphoneos3.1.2;
			};
			name = Debug;
		};
		C01FCF5008A954540054247B /* Release */ = {
			isa = XCBuildConfiguration;
			buildSettings = {
				ARCHS = "$(ARCHS_STANDARD_32_BIT)";
				"CODE_SIGN_IDENTITY[sdk=iphoneos*]" = "iPhone Developer";
				GCC_C_LANGUAGE_STANDARD = c99;
				GCC_WARN_ABOUT_RETURN_TYPE = YES;
				GCC_WARN_UNUSED_VARIABLE = YES;
				PREBINDING = NO;
				SDKROOT = iphoneos3.1.2;
			};
			name = Release;
		};
/* End XCBuildConfiguration section */

/* Begin XCConfigurationList section */
		1D6058960D05DD3E006BFB54 /* Build configuration list for PBXNativeTarget "Buzzalot" */ = {
			isa = XCConfigurationList;
			buildConfigurations = (
				1D6058940D05DD3E006BFB54 /* Debug */,
				1D6058950D05DD3E006BFB54 /* Release */,
			);
			defaultConfigurationIsVisible = 0;
			defaultConfigurationName = Release;
		};
		63834AB0112BCE5E009A9CA6 /* Build configuration list for PBXNativeTarget "LogicTests" */ = {
			isa = XCConfigurationList;
			buildConfigurations = (
				63834AAE112BCE5E009A9CA6 /* Debug */,
				63834AAF112BCE5E009A9CA6 /* Release */,
			);
			defaultConfigurationIsVisible = 0;
			defaultConfigurationName = Release;
		};
		C01FCF4E08A954540054247B /* Build configuration list for PBXProject "Buzzalot" */ = {
			isa = XCConfigurationList;
			buildConfigurations = (
				C01FCF4F08A954540054247B /* Debug */,
				C01FCF5008A954540054247B /* Release */,
			);
			defaultConfigurationIsVisible = 0;
			defaultConfigurationName = Release;
		};
/* End XCConfigurationList section */
	};
	rootObject = 29B97313FDCFA39411CA2CEA /* Project object */;
}
