// !$*UTF8*$!
{
	archiveVersion = 1;
	classes = {
	};
	objectVersion = 45;
	objects = {

/* Begin PBXBuildFile section */
		1D3623260D0F684500981E51 /* BuzzalotAppDelegate.m in Sources */ = {isa = PBXBuildFile; fileRef = 1D3623250D0F684500981E51 /* BuzzalotAppDelegate.m */; };
		1D60589B0D05DD56006BFB54 /* main.m in Sources */ = {isa = PBXBuildFile; fileRef = 29B97316FDCFA39411CA2CEA /* main.m */; };
		1D60589F0D05DD5A006BFB54 /* Foundation.framework in Frameworks */ = {isa = PBXBuildFile; fileRef = 1D30AB110D05D00D00671497 /* Foundation.framework */; };
		1DF5F4E00D08C38300B7A737 /* UIKit.framework in Frameworks */ = {isa = PBXBuildFile; fileRef = 1DF5F4DF0D08C38300B7A737 /* UIKit.framework */; };
		288765FD0DF74451002DB57D /* CoreGraphics.framework in Frameworks */ = {isa = PBXBuildFile; fileRef = 288765FC0DF74451002DB57D /* CoreGraphics.framework */; };
		6304B581111D00C5006C0A31 /* your_bubble.png in Resources */ = {isa = PBXBuildFile; fileRef = 6304B57F111D00C5006C0A31 /* your_bubble.png */; };
		6304B582111D00C5006C0A31 /* my_bubble.png in Resources */ = {isa = PBXBuildFile; fileRef = 6304B580111D00C5006C0A31 /* my_bubble.png */; };
		630A5ED911211EC8000AD362 /* BuzzerModel.m in Sources */ = {isa = PBXBuildFile; fileRef = 630A5ED811211EC8000AD362 /* BuzzerModel.m */; };
		630A602711213810000AD362 /* MessageModel.m in Sources */ = {isa = PBXBuildFile; fileRef = 630A602611213810000AD362 /* MessageModel.m */; };
		630C15A811222E4100465A4E /* SQLMigrator.m in Sources */ = {isa = PBXBuildFile; fileRef = 630C15A711222E4100465A4E /* SQLMigrator.m */; };
		630C16621122623800465A4E /* sql in Resources */ = {isa = PBXBuildFile; fileRef = 630C165E1122623800465A4E /* sql */; };
		636479BA111E79AD009E1544 /* icon.png in Resources */ = {isa = PBXBuildFile; fileRef = 636479B9111E79AD009E1544 /* icon.png */; };
		636479F0111E8CD8009E1544 /* SFHFKeychainUtils.m in Sources */ = {isa = PBXBuildFile; fileRef = 636479EF111E8CD8009E1544 /* SFHFKeychainUtils.m */; };
		636479F7111E8DAF009E1544 /* Legal.rtf in Resources */ = {isa = PBXBuildFile; fileRef = 636479F6111E8DAF009E1544 /* Legal.rtf */; };
		63647A2C111E8F83009E1544 /* Security.framework in Frameworks */ = {isa = PBXBuildFile; fileRef = 63647A2B111E8F83009E1544 /* Security.framework */; };
		63647A40111F6FA5009E1544 /* libsqlite3.0.dylib in Frameworks */ = {isa = PBXBuildFile; fileRef = 63647A3F111F6FA5009E1544 /* libsqlite3.0.dylib */; };
		63647B1C111FBB03009E1544 /* AddressBook.framework in Frameworks */ = {isa = PBXBuildFile; fileRef = 63647B1B111FBB03009E1544 /* AddressBook.framework */; };
		6394376B1119356500E39D09 /* ABTableViewCell.m in Sources */ = {isa = PBXBuildFile; fileRef = 6394376A1119356500E39D09 /* ABTableViewCell.m */; };
		6394382D1119404200E39D09 /* theory.jpg in Resources */ = {isa = PBXBuildFile; fileRef = 639438231119404200E39D09 /* theory.jpg */; };
		6394382E1119404200E39D09 /* turoczy.jpg in Resources */ = {isa = PBXBuildFile; fileRef = 639438241119404200E39D09 /* turoczy.jpg */; };
		6394382F1119404200E39D09 /* gordonmeyer.jpg in Resources */ = {isa = PBXBuildFile; fileRef = 639438251119404200E39D09 /* gordonmeyer.jpg */; };
		639438301119404200E39D09 /* dukeleto.jpg in Resources */ = {isa = PBXBuildFile; fileRef = 639438261119404200E39D09 /* dukeleto.jpg */; };
		639438311119404200E39D09 /* rlepage.jpg in Resources */ = {isa = PBXBuildFile; fileRef = 639438271119404200E39D09 /* rlepage.jpg */; };
		639438321119404200E39D09 /* sachmet.jpg in Resources */ = {isa = PBXBuildFile; fileRef = 639438281119404200E39D09 /* sachmet.jpg */; };
		639438331119404200E39D09 /* strongrrl.jpg in Resources */ = {isa = PBXBuildFile; fileRef = 639438291119404200E39D09 /* strongrrl.jpg */; };
		639438341119404200E39D09 /* caseywest.jpg in Resources */ = {isa = PBXBuildFile; fileRef = 6394382A1119404200E39D09 /* caseywest.jpg */; };
		639438351119404200E39D09 /* timbunce.jpg in Resources */ = {isa = PBXBuildFile; fileRef = 6394382B1119404200E39D09 /* timbunce.jpg */; };
		639438361119404200E39D09 /* duncan.jpg in Resources */ = {isa = PBXBuildFile; fileRef = 6394382C1119404200E39D09 /* duncan.jpg */; };
		639438CF111A3D4C00E39D09 /* icon_frame.png in Resources */ = {isa = PBXBuildFile; fileRef = 639438CE111A3D4C00E39D09 /* icon_frame.png */; };
		63CB6BD71119238D00738680 /* RootViewController.m in Sources */ = {isa = PBXBuildFile; fileRef = 63CB6BD61119238D00738680 /* RootViewController.m */; };
		63CB6BEE1119266F00738680 /* BuzzerCell.m in Sources */ = {isa = PBXBuildFile; fileRef = 63CB6BED1119266F00738680 /* BuzzerCell.m */; };
		63FE18E8111BCBC000B855D7 /* MyColors.m in Sources */ = {isa = PBXBuildFile; fileRef = 63FE18E7111BCBC000B855D7 /* MyColors.m */; };
		63FE1A39111BE20900B855D7 /* ConfigViewController.m in Sources */ = {isa = PBXBuildFile; fileRef = 63FE1A38111BE20900B855D7 /* ConfigViewController.m */; };
		63FE1AC1111BEC9800B855D7 /* BuzzerViewController.m in Sources */ = {isa = PBXBuildFile; fileRef = 63FE1AC0111BEC9800B855D7 /* BuzzerViewController.m */; };
		63FE1BC0111CF41C00B855D7 /* MessageCell.m in Sources */ = {isa = PBXBuildFile; fileRef = 63FE1BBF111CF41C00B855D7 /* MessageCell.m */; };
/* End PBXBuildFile section */

/* Begin PBXFileReference section */
		1D30AB110D05D00D00671497 /* Foundation.framework */ = {isa = PBXFileReference; lastKnownFileType = wrapper.framework; name = Foundation.framework; path = System/Library/Frameworks/Foundation.framework; sourceTree = SDKROOT; };
		1D3623240D0F684500981E51 /* BuzzalotAppDelegate.h */ = {isa = PBXFileReference; fileEncoding = 4; lastKnownFileType = sourcecode.c.h; path = BuzzalotAppDelegate.h; sourceTree = "<group>"; };
		1D3623250D0F684500981E51 /* BuzzalotAppDelegate.m */ = {isa = PBXFileReference; fileEncoding = 4; lastKnownFileType = sourcecode.c.objc; path = BuzzalotAppDelegate.m; sourceTree = "<group>"; };
		1D6058910D05DD3D006BFB54 /* Buzzalot.app */ = {isa = PBXFileReference; explicitFileType = wrapper.application; includeInIndex = 0; path = Buzzalot.app; sourceTree = BUILT_PRODUCTS_DIR; };
		1DF5F4DF0D08C38300B7A737 /* UIKit.framework */ = {isa = PBXFileReference; lastKnownFileType = wrapper.framework; name = UIKit.framework; path = System/Library/Frameworks/UIKit.framework; sourceTree = SDKROOT; };
		288765FC0DF74451002DB57D /* CoreGraphics.framework */ = {isa = PBXFileReference; lastKnownFileType = wrapper.framework; name = CoreGraphics.framework; path = System/Library/Frameworks/CoreGraphics.framework; sourceTree = SDKROOT; };
		29B97316FDCFA39411CA2CEA /* main.m */ = {isa = PBXFileReference; fileEncoding = 4; lastKnownFileType = sourcecode.c.objc; path = main.m; sourceTree = "<group>"; };
		32CA4F630368D1EE00C91783 /* Buzzalot_Prefix.pch */ = {isa = PBXFileReference; fileEncoding = 4; lastKnownFileType = sourcecode.c.h; path = Buzzalot_Prefix.pch; sourceTree = "<group>"; };
		6304B57F111D00C5006C0A31 /* your_bubble.png */ = {isa = PBXFileReference; lastKnownFileType = image.png; path = your_bubble.png; sourceTree = "<group>"; };
		6304B580111D00C5006C0A31 /* my_bubble.png */ = {isa = PBXFileReference; lastKnownFileType = image.png; path = my_bubble.png; sourceTree = "<group>"; };
		630A5ED711211EC8000AD362 /* BuzzerModel.h */ = {isa = PBXFileReference; fileEncoding = 4; lastKnownFileType = sourcecode.c.h; path = BuzzerModel.h; sourceTree = "<group>"; };
		630A5ED811211EC8000AD362 /* BuzzerModel.m */ = {isa = PBXFileReference; fileEncoding = 4; lastKnownFileType = sourcecode.c.objc; path = BuzzerModel.m; sourceTree = "<group>"; };
		630A602511213810000AD362 /* MessageModel.h */ = {isa = PBXFileReference; fileEncoding = 4; lastKnownFileType = sourcecode.c.h; path = MessageModel.h; sourceTree = "<group>"; };
		630A602611213810000AD362 /* MessageModel.m */ = {isa = PBXFileReference; fileEncoding = 4; lastKnownFileType = sourcecode.c.objc; path = MessageModel.m; sourceTree = "<group>"; };
		630C15A611222E4100465A4E /* SQLMigrator.h */ = {isa = PBXFileReference; fileEncoding = 4; lastKnownFileType = sourcecode.c.h; path = SQLMigrator.h; sourceTree = "<group>"; };
		630C15A711222E4100465A4E /* SQLMigrator.m */ = {isa = PBXFileReference; fileEncoding = 4; lastKnownFileType = sourcecode.c.objc; path = SQLMigrator.m; sourceTree = "<group>"; };
		630C165E1122623800465A4E /* sql */ = {isa = PBXFileReference; lastKnownFileType = folder; path = sql; sourceTree = "<group>"; };
		636479B9111E79AD009E1544 /* icon.png */ = {isa = PBXFileReference; lastKnownFileType = image.png; path = icon.png; sourceTree = "<group>"; };
		636479EE111E8CD8009E1544 /* SFHFKeychainUtils.h */ = {isa = PBXFileReference; fileEncoding = 4; lastKnownFileType = sourcecode.c.h; name = SFHFKeychainUtils.h; path = "../scifihifi-iphone/security/SFHFKeychainUtils.h"; sourceTree = SOURCE_ROOT; };
		636479EF111E8CD8009E1544 /* SFHFKeychainUtils.m */ = {isa = PBXFileReference; fileEncoding = 4; lastKnownFileType = sourcecode.c.objc; name = SFHFKeychainUtils.m; path = "../scifihifi-iphone/security/SFHFKeychainUtils.m"; sourceTree = SOURCE_ROOT; };
		636479F6111E8DAF009E1544 /* Legal.rtf */ = {isa = PBXFileReference; lastKnownFileType = text.rtf; path = Legal.rtf; sourceTree = "<group>"; };
		63647A2B111E8F83009E1544 /* Security.framework */ = {isa = PBXFileReference; lastKnownFileType = wrapper.framework; name = Security.framework; path = System/Library/Frameworks/Security.framework; sourceTree = SDKROOT; };
		63647A3F111F6FA5009E1544 /* libsqlite3.0.dylib */ = {isa = PBXFileReference; lastKnownFileType = "compiled.mach-o.dylib"; name = libsqlite3.0.dylib; path = usr/lib/libsqlite3.0.dylib; sourceTree = SDKROOT; };
		63647A41111F70F1009E1544 /* 001-tables.sql */ = {isa = PBXFileReference; fileEncoding = 4; lastKnownFileType = text; path = "001-tables.sql"; sourceTree = "<group>"; };
		63647A46111F7C21009E1544 /* test_data.sql */ = {isa = PBXFileReference; fileEncoding = 4; lastKnownFileType = text; path = test_data.sql; sourceTree = "<group>"; };
		63647B1B111FBB03009E1544 /* AddressBook.framework */ = {isa = PBXFileReference; lastKnownFileType = wrapper.framework; name = AddressBook.framework; path = System/Library/Frameworks/AddressBook.framework; sourceTree = SDKROOT; };
		639437691119356500E39D09 /* ABTableViewCell.h */ = {isa = PBXFileReference; fileEncoding = 4; lastKnownFileType = sourcecode.c.h; path = ABTableViewCell.h; sourceTree = "<group>"; };
		6394376A1119356500E39D09 /* ABTableViewCell.m */ = {isa = PBXFileReference; fileEncoding = 4; lastKnownFileType = sourcecode.c.objc; path = ABTableViewCell.m; sourceTree = "<group>"; };
		639438231119404200E39D09 /* theory.jpg */ = {isa = PBXFileReference; lastKnownFileType = image.jpeg; path = theory.jpg; sourceTree = "<group>"; };
		639438241119404200E39D09 /* turoczy.jpg */ = {isa = PBXFileReference; lastKnownFileType = image.jpeg; path = turoczy.jpg; sourceTree = "<group>"; };
		639438251119404200E39D09 /* gordonmeyer.jpg */ = {isa = PBXFileReference; lastKnownFileType = image.jpeg; path = gordonmeyer.jpg; sourceTree = "<group>"; };
		639438261119404200E39D09 /* dukeleto.jpg */ = {isa = PBXFileReference; lastKnownFileType = image.jpeg; path = dukeleto.jpg; sourceTree = "<group>"; };
		639438271119404200E39D09 /* rlepage.jpg */ = {isa = PBXFileReference; lastKnownFileType = image.jpeg; path = rlepage.jpg; sourceTree = "<group>"; };
		639438281119404200E39D09 /* sachmet.jpg */ = {isa = PBXFileReference; lastKnownFileType = image.jpeg; path = sachmet.jpg; sourceTree = "<group>"; };
		639438291119404200E39D09 /* strongrrl.jpg */ = {isa = PBXFileReference; lastKnownFileType = image.jpeg; path = strongrrl.jpg; sourceTree = "<group>"; };
		6394382A1119404200E39D09 /* caseywest.jpg */ = {isa = PBXFileReference; lastKnownFileType = image.jpeg; path = caseywest.jpg; sourceTree = "<group>"; };
		6394382B1119404200E39D09 /* timbunce.jpg */ = {isa = PBXFileReference; lastKnownFileType = image.jpeg; path = timbunce.jpg; sourceTree = "<group>"; };
		6394382C1119404200E39D09 /* duncan.jpg */ = {isa = PBXFileReference; lastKnownFileType = image.jpeg; path = duncan.jpg; sourceTree = "<group>"; };
		639438CE111A3D4C00E39D09 /* icon_frame.png */ = {isa = PBXFileReference; lastKnownFileType = image.png; path = icon_frame.png; sourceTree = "<group>"; };
		63CB6BD51119238D00738680 /* RootViewController.h */ = {isa = PBXFileReference; fileEncoding = 4; lastKnownFileType = sourcecode.c.h; path = RootViewController.h; sourceTree = "<group>"; };
		63CB6BD61119238D00738680 /* RootViewController.m */ = {isa = PBXFileReference; fileEncoding = 4; lastKnownFileType = sourcecode.c.objc; path = RootViewController.m; sourceTree = "<group>"; };
		63CB6BEC1119266F00738680 /* BuzzerCell.h */ = {isa = PBXFileReference; fileEncoding = 4; lastKnownFileType = sourcecode.c.h; path = BuzzerCell.h; sourceTree = "<group>"; };
		63CB6BED1119266F00738680 /* BuzzerCell.m */ = {isa = PBXFileReference; fileEncoding = 4; lastKnownFileType = sourcecode.c.objc; path = BuzzerCell.m; sourceTree = "<group>"; };
		63FE18E7111BCBC000B855D7 /* MyColors.m */ = {isa = PBXFileReference; fileEncoding = 4; lastKnownFileType = sourcecode.c.objc; path = MyColors.m; sourceTree = "<group>"; };
		63FE18E9111BCC4200B855D7 /* MyColors.h */ = {isa = PBXFileReference; fileEncoding = 4; lastKnownFileType = sourcecode.c.h; path = MyColors.h; sourceTree = "<group>"; };
		63FE1A37111BE20900B855D7 /* ConfigViewController.h */ = {isa = PBXFileReference; fileEncoding = 4; lastKnownFileType = sourcecode.c.h; path = ConfigViewController.h; sourceTree = "<group>"; };
		63FE1A38111BE20900B855D7 /* ConfigViewController.m */ = {isa = PBXFileReference; fileEncoding = 4; lastKnownFileType = sourcecode.c.objc; path = ConfigViewController.m; sourceTree = "<group>"; };
		63FE1ABF111BEC9800B855D7 /* BuzzerViewController.h */ = {isa = PBXFileReference; fileEncoding = 4; lastKnownFileType = sourcecode.c.h; path = BuzzerViewController.h; sourceTree = "<group>"; };
		63FE1AC0111BEC9800B855D7 /* BuzzerViewController.m */ = {isa = PBXFileReference; fileEncoding = 4; lastKnownFileType = sourcecode.c.objc; path = BuzzerViewController.m; sourceTree = "<group>"; };
		63FE1BBE111CF41C00B855D7 /* MessageCell.h */ = {isa = PBXFileReference; fileEncoding = 4; lastKnownFileType = sourcecode.c.h; path = MessageCell.h; sourceTree = "<group>"; };
		63FE1BBF111CF41C00B855D7 /* MessageCell.m */ = {isa = PBXFileReference; fileEncoding = 4; lastKnownFileType = sourcecode.c.objc; path = MessageCell.m; sourceTree = "<group>"; };
		8D1107310486CEB800E47090 /* Info.plist */ = {isa = PBXFileReference; fileEncoding = 4; lastKnownFileType = text.plist.xml; path = Info.plist; plistStructureDefinitionIdentifier = "com.apple.xcode.plist.structure-definition.iphone.info-plist"; sourceTree = "<group>"; };
/* End PBXFileReference section */

/* Begin PBXFrameworksBuildPhase section */
		1D60588F0D05DD3D006BFB54 /* Frameworks */ = {
			isa = PBXFrameworksBuildPhase;
			buildActionMask = 2147483647;
			files = (
				1D60589F0D05DD5A006BFB54 /* Foundation.framework in Frameworks */,
				1DF5F4E00D08C38300B7A737 /* UIKit.framework in Frameworks */,
				288765FD0DF74451002DB57D /* CoreGraphics.framework in Frameworks */,
				63647A2C111E8F83009E1544 /* Security.framework in Frameworks */,
				63647A40111F6FA5009E1544 /* libsqlite3.0.dylib in Frameworks */,
				63647B1C111FBB03009E1544 /* AddressBook.framework in Frameworks */,
			);
			runOnlyForDeploymentPostprocessing = 0;
		};
/* End PBXFrameworksBuildPhase section */

/* Begin PBXGroup section */
		080E96DDFE201D6D7F000001 /* Classes */ = {
			isa = PBXGroup;
			children = (
				1D3623240D0F684500981E51 /* BuzzalotAppDelegate.h */,
				1D3623250D0F684500981E51 /* BuzzalotAppDelegate.m */,
				63CB6BD51119238D00738680 /* RootViewController.h */,
				63CB6BD61119238D00738680 /* RootViewController.m */,
				63CB6BEC1119266F00738680 /* BuzzerCell.h */,
				63CB6BED1119266F00738680 /* BuzzerCell.m */,
				63FE1A37111BE20900B855D7 /* ConfigViewController.h */,
				63FE1A38111BE20900B855D7 /* ConfigViewController.m */,
				63FE1ABF111BEC9800B855D7 /* BuzzerViewController.h */,
				63FE1AC0111BEC9800B855D7 /* BuzzerViewController.m */,
				63FE1BBE111CF41C00B855D7 /* MessageCell.h */,
				63FE1BBF111CF41C00B855D7 /* MessageCell.m */,
				630A5ED711211EC8000AD362 /* BuzzerModel.h */,
				630A5ED811211EC8000AD362 /* BuzzerModel.m */,
				630A602511213810000AD362 /* MessageModel.h */,
				630A602611213810000AD362 /* MessageModel.m */,
			);
			path = Classes;
			sourceTree = "<group>";
		};
		19C28FACFE9D520D11CA2CBB /* Products */ = {
			isa = PBXGroup;
			children = (
				1D6058910D05DD3D006BFB54 /* Buzzalot.app */,
			);
			name = Products;
			sourceTree = "<group>";
		};
		29B97314FDCFA39411CA2CEA /* CustomTemplate */ = {
			isa = PBXGroup;
			children = (
				080E96DDFE201D6D7F000001 /* Classes */,
				29B97315FDCFA39411CA2CEA /* Other Sources */,
				29B97317FDCFA39411CA2CEA /* Resources */,
				29B97323FDCFA39411CA2CEA /* Frameworks */,
				19C28FACFE9D520D11CA2CBB /* Products */,
			);
			name = CustomTemplate;
			sourceTree = "<group>";
		};
		29B97315FDCFA39411CA2CEA /* Other Sources */ = {
			isa = PBXGroup;
			children = (
				636479EE111E8CD8009E1544 /* SFHFKeychainUtils.h */,
				636479EF111E8CD8009E1544 /* SFHFKeychainUtils.m */,
				639437691119356500E39D09 /* ABTableViewCell.h */,
				6394376A1119356500E39D09 /* ABTableViewCell.m */,
				32CA4F630368D1EE00C91783 /* Buzzalot_Prefix.pch */,
				29B97316FDCFA39411CA2CEA /* main.m */,
				63FE18E9111BCC4200B855D7 /* MyColors.h */,
				63FE18E7111BCBC000B855D7 /* MyColors.m */,
				630C15A611222E4100465A4E /* SQLMigrator.h */,
				630C15A711222E4100465A4E /* SQLMigrator.m */,
			);
			name = "Other Sources";
			sourceTree = "<group>";
		};
		29B97317FDCFA39411CA2CEA /* Resources */ = {
			isa = PBXGroup;
			children = (
				630C165E1122623800465A4E /* sql */,
				63647A41111F70F1009E1544 /* 001-tables.sql */,
				636479F6111E8DAF009E1544 /* Legal.rtf */,
				636479B9111E79AD009E1544 /* icon.png */,
				6304B57F111D00C5006C0A31 /* your_bubble.png */,
				6304B580111D00C5006C0A31 /* my_bubble.png */,
				639438CE111A3D4C00E39D09 /* icon_frame.png */,
				639438221119404200E39D09 /* avatars */,
				8D1107310486CEB800E47090 /* Info.plist */,
				63647A46111F7C21009E1544 /* test_data.sql */,
			);
			name = Resources;
			sourceTree = "<group>";
		};
		29B97323FDCFA39411CA2CEA /* Frameworks */ = {
			isa = PBXGroup;
			children = (
				1DF5F4DF0D08C38300B7A737 /* UIKit.framework */,
				1D30AB110D05D00D00671497 /* Foundation.framework */,
				288765FC0DF74451002DB57D /* CoreGraphics.framework */,
				63647A2B111E8F83009E1544 /* Security.framework */,
				63647A3F111F6FA5009E1544 /* libsqlite3.0.dylib */,
				63647B1B111FBB03009E1544 /* AddressBook.framework */,
			);
			name = Frameworks;
			sourceTree = "<group>";
		};
		639438221119404200E39D09 /* avatars */ = {
			isa = PBXGroup;
			children = (
				639438231119404200E39D09 /* theory.jpg */,
				639438241119404200E39D09 /* turoczy.jpg */,
				639438251119404200E39D09 /* gordonmeyer.jpg */,
				639438261119404200E39D09 /* dukeleto.jpg */,
				639438271119404200E39D09 /* rlepage.jpg */,
				639438281119404200E39D09 /* sachmet.jpg */,
				639438291119404200E39D09 /* strongrrl.jpg */,
				6394382A1119404200E39D09 /* caseywest.jpg */,
				6394382B1119404200E39D09 /* timbunce.jpg */,
				6394382C1119404200E39D09 /* duncan.jpg */,
			);
			name = avatars;
			sourceTree = "<group>";
		};
/* End PBXGroup section */

/* Begin PBXNativeTarget section */
		1D6058900D05DD3D006BFB54 /* Buzzalot */ = {
			isa = PBXNativeTarget;
			buildConfigurationList = 1D6058960D05DD3E006BFB54 /* Build configuration list for PBXNativeTarget "Buzzalot" */;
			buildPhases = (
				1D60588D0D05DD3D006BFB54 /* Resources */,
				1D60588E0D05DD3D006BFB54 /* Sources */,
				1D60588F0D05DD3D006BFB54 /* Frameworks */,
			);
			buildRules = (
			);
			dependencies = (
			);
			name = Buzzalot;
			productName = Buzzalot;
			productReference = 1D6058910D05DD3D006BFB54 /* Buzzalot.app */;
			productType = "com.apple.product-type.application";
		};
/* End PBXNativeTarget section */

/* Begin PBXProject section */
		29B97313FDCFA39411CA2CEA /* Project object */ = {
			isa = PBXProject;
			buildConfigurationList = C01FCF4E08A954540054247B /* Build configuration list for PBXProject "Buzzalot" */;
			compatibilityVersion = "Xcode 3.1";
			hasScannedForEncodings = 1;
			mainGroup = 29B97314FDCFA39411CA2CEA /* CustomTemplate */;
			projectDirPath = "";
			projectRoot = "";
			targets = (
				1D6058900D05DD3D006BFB54 /* Buzzalot */,
			);
		};
/* End PBXProject section */

/* Begin PBXResourcesBuildPhase section */
		1D60588D0D05DD3D006BFB54 /* Resources */ = {
			isa = PBXResourcesBuildPhase;
			buildActionMask = 2147483647;
			files = (
				6394382D1119404200E39D09 /* theory.jpg in Resources */,
				6394382E1119404200E39D09 /* turoczy.jpg in Resources */,
				6394382F1119404200E39D09 /* gordonmeyer.jpg in Resources */,
				639438301119404200E39D09 /* dukeleto.jpg in Resources */,
				639438311119404200E39D09 /* rlepage.jpg in Resources */,
				639438321119404200E39D09 /* sachmet.jpg in Resources */,
				639438331119404200E39D09 /* strongrrl.jpg in Resources */,
				639438341119404200E39D09 /* caseywest.jpg in Resources */,
				639438351119404200E39D09 /* timbunce.jpg in Resources */,
				639438361119404200E39D09 /* duncan.jpg in Resources */,
				639438CF111A3D4C00E39D09 /* icon_frame.png in Resources */,
				6304B581111D00C5006C0A31 /* your_bubble.png in Resources */,
				6304B582111D00C5006C0A31 /* my_bubble.png in Resources */,
				636479BA111E79AD009E1544 /* icon.png in Resources */,
				636479F7111E8DAF009E1544 /* Legal.rtf in Resources */,
				630C16621122623800465A4E /* sql in Resources */,
			);
			runOnlyForDeploymentPostprocessing = 0;
		};
/* End PBXResourcesBuildPhase section */

/* Begin PBXSourcesBuildPhase section */
		1D60588E0D05DD3D006BFB54 /* Sources */ = {
			isa = PBXSourcesBuildPhase;
			buildActionMask = 2147483647;
			files = (
				1D60589B0D05DD56006BFB54 /* main.m in Sources */,
				1D3623260D0F684500981E51 /* BuzzalotAppDelegate.m in Sources */,
				63CB6BD71119238D00738680 /* RootViewController.m in Sources */,
				63CB6BEE1119266F00738680 /* BuzzerCell.m in Sources */,
				6394376B1119356500E39D09 /* ABTableViewCell.m in Sources */,
				63FE18E8111BCBC000B855D7 /* MyColors.m in Sources */,
				63FE1A39111BE20900B855D7 /* ConfigViewController.m in Sources */,
				63FE1AC1111BEC9800B855D7 /* BuzzerViewController.m in Sources */,
				63FE1BC0111CF41C00B855D7 /* MessageCell.m in Sources */,
				636479F0111E8CD8009E1544 /* SFHFKeychainUtils.m in Sources */,
				630A5ED911211EC8000AD362 /* BuzzerModel.m in Sources */,
				630A602711213810000AD362 /* MessageModel.m in Sources */,
				630C15A811222E4100465A4E /* SQLMigrator.m in Sources */,
			);
			runOnlyForDeploymentPostprocessing = 0;
		};
/* End PBXSourcesBuildPhase section */

/* Begin XCBuildConfiguration section */
		1D6058940D05DD3E006BFB54 /* Debug */ = {
			isa = XCBuildConfiguration;
			buildSettings = {
				ALWAYS_SEARCH_USER_PATHS = NO;
				COPY_PHASE_STRIP = NO;
				GCC_DYNAMIC_NO_PIC = NO;
				GCC_OPTIMIZATION_LEVEL = 0;
				GCC_PRECOMPILE_PREFIX_HEADER = YES;
				GCC_PREFIX_HEADER = Buzzalot_Prefix.pch;
				INFOPLIST_FILE = Info.plist;
				PRODUCT_NAME = Buzzalot;
			};
			name = Debug;
		};
		1D6058950D05DD3E006BFB54 /* Release */ = {
			isa = XCBuildConfiguration;
			buildSettings = {
				ALWAYS_SEARCH_USER_PATHS = NO;
				COPY_PHASE_STRIP = YES;
				GCC_PRECOMPILE_PREFIX_HEADER = YES;
				GCC_PREFIX_HEADER = Buzzalot_Prefix.pch;
				INFOPLIST_FILE = Info.plist;
				PRODUCT_NAME = Buzzalot;
			};
			name = Release;
		};
		C01FCF4F08A954540054247B /* Debug */ = {
			isa = XCBuildConfiguration;
			buildSettings = {
				ARCHS = "$(ARCHS_STANDARD_32_BIT)";
				"CODE_SIGN_IDENTITY[sdk=iphoneos*]" = "iPhone Developer";
				GCC_C_LANGUAGE_STANDARD = c99;
				GCC_WARN_ABOUT_RETURN_TYPE = YES;
				GCC_WARN_UNUSED_VARIABLE = YES;
				PREBINDING = NO;
				SDKROOT = iphoneos3.1.2;
			};
			name = Debug;
		};
		C01FCF5008A954540054247B /* Release */ = {
			isa = XCBuildConfiguration;
			buildSettings = {
				ARCHS = "$(ARCHS_STANDARD_32_BIT)";
				"CODE_SIGN_IDENTITY[sdk=iphoneos*]" = "iPhone Developer";
				GCC_C_LANGUAGE_STANDARD = c99;
				GCC_WARN_ABOUT_RETURN_TYPE = YES;
				GCC_WARN_UNUSED_VARIABLE = YES;
				PREBINDING = NO;
				SDKROOT = iphoneos3.1.2;
			};
			name = Release;
		};
/* End XCBuildConfiguration section */

/* Begin XCConfigurationList section */
		1D6058960D05DD3E006BFB54 /* Build configuration list for PBXNativeTarget "Buzzalot" */ = {
			isa = XCConfigurationList;
			buildConfigurations = (
				1D6058940D05DD3E006BFB54 /* Debug */,
				1D6058950D05DD3E006BFB54 /* Release */,
			);
			defaultConfigurationIsVisible = 0;
			defaultConfigurationName = Release;
		};
		C01FCF4E08A954540054247B /* Build configuration list for PBXProject "Buzzalot" */ = {
			isa = XCConfigurationList;
			buildConfigurations = (
				C01FCF4F08A954540054247B /* Debug */,
				C01FCF5008A954540054247B /* Release */,
			);
			defaultConfigurationIsVisible = 0;
			defaultConfigurationName = Release;
		};
/* End XCConfigurationList section */
	};
	rootObject = 29B97313FDCFA39411CA2CEA /* Project object */;
}
