// !$*UTF8*$!
{
	archiveVersion = 1;
	classes = {
	};
	objectVersion = 45;
	objects = {

/* Begin PBXBuildFile section */
		1D3623260D0F684500981E51 /* BuzzalotAppDelegate.m in Sources */ = {isa = PBXBuildFile; fileRef = 1D3623250D0F684500981E51 /* BuzzalotAppDelegate.m */; };
		1D60589B0D05DD56006BFB54 /* main.m in Sources */ = {isa = PBXBuildFile; fileRef = 29B97316FDCFA39411CA2CEA /* main.m */; };
		1D60589F0D05DD5A006BFB54 /* Foundation.framework in Frameworks */ = {isa = PBXBuildFile; fileRef = 1D30AB110D05D00D00671497 /* Foundation.framework */; };
		1DF5F4E00D08C38300B7A737 /* UIKit.framework in Frameworks */ = {isa = PBXBuildFile; fileRef = 1DF5F4DF0D08C38300B7A737 /* UIKit.framework */; };
		28860B770F44E54D00985440 /* Buzzalot.xcdatamodel in Sources */ = {isa = PBXBuildFile; fileRef = 28860B760F44E54D00985440 /* Buzzalot.xcdatamodel */; };
		28860BE50F44EE6400985440 /* CoreData.framework in Frameworks */ = {isa = PBXBuildFile; fileRef = 28860BE40F44EE6400985440 /* CoreData.framework */; };
		2892E4100DC94CBA00A64D0F /* CoreGraphics.framework in Frameworks */ = {isa = PBXBuildFile; fileRef = 2892E40F0DC94CBA00A64D0F /* CoreGraphics.framework */; };
		2899E5600DE3E45000AC0155 /* RootViewController.xib in Resources */ = {isa = PBXBuildFile; fileRef = 2899E55F0DE3E45000AC0155 /* RootViewController.xib */; };
		28AD73600D9D9599002E5188 /* MainWindow.xib in Resources */ = {isa = PBXBuildFile; fileRef = 28AD735F0D9D9599002E5188 /* MainWindow.xib */; };
		28C286E10D94DF7D0034E888 /* RootViewController.m in Sources */ = {isa = PBXBuildFile; fileRef = 28C286E00D94DF7D0034E888 /* RootViewController.m */; };
		63495EDA1109321700EE0CE2 /* duncan.jpg in Resources */ = {isa = PBXBuildFile; fileRef = 63495ED91109321700EE0CE2 /* duncan.jpg */; };
		63495F01110933C100EE0CE2 /* timbunce.jpg in Resources */ = {isa = PBXBuildFile; fileRef = 63495F00110933C100EE0CE2 /* timbunce.jpg */; };
		63495F101109342D00EE0CE2 /* caseywest.jpg in Resources */ = {isa = PBXBuildFile; fileRef = 63495F0F1109342D00EE0CE2 /* caseywest.jpg */; };
		63495F69110938C100EE0CE2 /* turoczy.jpg in Resources */ = {isa = PBXBuildFile; fileRef = 63495F68110938C100EE0CE2 /* turoczy.jpg */; };
		63495F6D110938FA00EE0CE2 /* strongrrl.jpg in Resources */ = {isa = PBXBuildFile; fileRef = 63495F6C110938FA00EE0CE2 /* strongrrl.jpg */; };
		63495F6F1109390000EE0CE2 /* sachmet.jpg in Resources */ = {isa = PBXBuildFile; fileRef = 63495F6E1109390000EE0CE2 /* sachmet.jpg */; };
		63495F711109390500EE0CE2 /* rlepage.jpg in Resources */ = {isa = PBXBuildFile; fileRef = 63495F701109390500EE0CE2 /* rlepage.jpg */; };
		63495F731109390C00EE0CE2 /* dukeleto.jpg in Resources */ = {isa = PBXBuildFile; fileRef = 63495F721109390C00EE0CE2 /* dukeleto.jpg */; };
		63495F771109393500EE0CE2 /* gordonmeyer.jpg in Resources */ = {isa = PBXBuildFile; fileRef = 63495F761109393500EE0CE2 /* gordonmeyer.jpg */; };
		6357C0551115488600695BAA /* avatar_frame.png in Resources */ = {isa = PBXBuildFile; fileRef = 6357C0541115488600695BAA /* avatar_frame.png */; };
		637CD14B110BAF5A00B547D1 /* BuzzerCell.xib in Resources */ = {isa = PBXBuildFile; fileRef = 637CD14A110BAF5A00B547D1 /* BuzzerCell.xib */; };
		637CD16F110BB94900B547D1 /* BuzzerCell.m in Sources */ = {isa = PBXBuildFile; fileRef = 637CD16E110BB94900B547D1 /* BuzzerCell.m */; };
		637CD270110C27A700B547D1 /* QuartzCore.framework in Frameworks */ = {isa = PBXBuildFile; fileRef = 637CD26F110C27A700B547D1 /* QuartzCore.framework */; };
		637CD299110D124000B547D1 /* MessageCell.m in Sources */ = {isa = PBXBuildFile; fileRef = 637CD298110D124000B547D1 /* MessageCell.m */; };
		637CD29B110D125600B547D1 /* MessageCell.xib in Resources */ = {isa = PBXBuildFile; fileRef = 637CD29A110D125600B547D1 /* MessageCell.xib */; };
		637CD354110D4B2E00B547D1 /* theory.jpg in Resources */ = {isa = PBXBuildFile; fileRef = 637CD353110D4B2E00B547D1 /* theory.jpg */; };
		637CD357110D4B8A00B547D1 /* your_bubble.png in Resources */ = {isa = PBXBuildFile; fileRef = 637CD355110D4B8A00B547D1 /* your_bubble.png */; };
		637CD358110D4B8A00B547D1 /* my_bubble.png in Resources */ = {isa = PBXBuildFile; fileRef = 637CD356110D4B8A00B547D1 /* my_bubble.png */; };
		637F7201110418A000A78F75 /* BuzzerViewController.m in Sources */ = {isa = PBXBuildFile; fileRef = 637F71FF110418A000A78F75 /* BuzzerViewController.m */; };
		637F73131104360400A78F75 /* ConfigViewController.m in Sources */ = {isa = PBXBuildFile; fileRef = 637F73111104360400A78F75 /* ConfigViewController.m */; };
/* End PBXBuildFile section */

/* Begin PBXFileReference section */
		1D30AB110D05D00D00671497 /* Foundation.framework */ = {isa = PBXFileReference; lastKnownFileType = wrapper.framework; name = Foundation.framework; path = System/Library/Frameworks/Foundation.framework; sourceTree = SDKROOT; };
		1D3623240D0F684500981E51 /* BuzzalotAppDelegate.h */ = {isa = PBXFileReference; fileEncoding = 4; lastKnownFileType = sourcecode.c.h; path = BuzzalotAppDelegate.h; sourceTree = "<group>"; };
		1D3623250D0F684500981E51 /* BuzzalotAppDelegate.m */ = {isa = PBXFileReference; fileEncoding = 4; lastKnownFileType = sourcecode.c.objc; path = BuzzalotAppDelegate.m; sourceTree = "<group>"; };
		1D6058910D05DD3D006BFB54 /* Buzzalot.app */ = {isa = PBXFileReference; explicitFileType = wrapper.application; includeInIndex = 0; path = Buzzalot.app; sourceTree = BUILT_PRODUCTS_DIR; };
		1DF5F4DF0D08C38300B7A737 /* UIKit.framework */ = {isa = PBXFileReference; lastKnownFileType = wrapper.framework; name = UIKit.framework; path = System/Library/Frameworks/UIKit.framework; sourceTree = SDKROOT; };
		28860B760F44E54D00985440 /* Buzzalot.xcdatamodel */ = {isa = PBXFileReference; fileEncoding = 4; lastKnownFileType = wrapper.xcdatamodel; path = Buzzalot.xcdatamodel; sourceTree = "<group>"; };
		28860BE40F44EE6400985440 /* CoreData.framework */ = {isa = PBXFileReference; lastKnownFileType = wrapper.framework; name = CoreData.framework; path = System/Library/Frameworks/CoreData.framework; sourceTree = SDKROOT; };
		2892E40F0DC94CBA00A64D0F /* CoreGraphics.framework */ = {isa = PBXFileReference; lastKnownFileType = wrapper.framework; name = CoreGraphics.framework; path = System/Library/Frameworks/CoreGraphics.framework; sourceTree = SDKROOT; };
		2899E55F0DE3E45000AC0155 /* RootViewController.xib */ = {isa = PBXFileReference; lastKnownFileType = file.xib; path = RootViewController.xib; sourceTree = "<group>"; };
		28A0AAE50D9B0CCF005BE974 /* Buzzalot_Prefix.pch */ = {isa = PBXFileReference; fileEncoding = 4; lastKnownFileType = sourcecode.c.h; path = Buzzalot_Prefix.pch; sourceTree = "<group>"; };
		28AD735F0D9D9599002E5188 /* MainWindow.xib */ = {isa = PBXFileReference; lastKnownFileType = file.xib; path = MainWindow.xib; sourceTree = "<group>"; };
		28C286DF0D94DF7D0034E888 /* RootViewController.h */ = {isa = PBXFileReference; fileEncoding = 4; lastKnownFileType = sourcecode.c.h; path = RootViewController.h; sourceTree = "<group>"; };
		28C286E00D94DF7D0034E888 /* RootViewController.m */ = {isa = PBXFileReference; fileEncoding = 4; lastKnownFileType = sourcecode.c.objc; path = RootViewController.m; sourceTree = "<group>"; };
		29B97316FDCFA39411CA2CEA /* main.m */ = {isa = PBXFileReference; fileEncoding = 4; lastKnownFileType = sourcecode.c.objc; path = main.m; sourceTree = "<group>"; };
		63495ED91109321700EE0CE2 /* duncan.jpg */ = {isa = PBXFileReference; lastKnownFileType = image.jpeg; path = duncan.jpg; sourceTree = "<group>"; };
		63495F00110933C100EE0CE2 /* timbunce.jpg */ = {isa = PBXFileReference; lastKnownFileType = image.jpeg; path = timbunce.jpg; sourceTree = "<group>"; };
		63495F0F1109342D00EE0CE2 /* caseywest.jpg */ = {isa = PBXFileReference; lastKnownFileType = image.jpeg; path = caseywest.jpg; sourceTree = "<group>"; };
		63495F68110938C100EE0CE2 /* turoczy.jpg */ = {isa = PBXFileReference; lastKnownFileType = image.jpeg; path = turoczy.jpg; sourceTree = "<group>"; };
		63495F6C110938FA00EE0CE2 /* strongrrl.jpg */ = {isa = PBXFileReference; lastKnownFileType = image.jpeg; path = strongrrl.jpg; sourceTree = "<group>"; };
		63495F6E1109390000EE0CE2 /* sachmet.jpg */ = {isa = PBXFileReference; lastKnownFileType = image.jpeg; path = sachmet.jpg; sourceTree = "<group>"; };
		63495F701109390500EE0CE2 /* rlepage.jpg */ = {isa = PBXFileReference; lastKnownFileType = image.jpeg; path = rlepage.jpg; sourceTree = "<group>"; };
		63495F721109390C00EE0CE2 /* dukeleto.jpg */ = {isa = PBXFileReference; lastKnownFileType = image.jpeg; path = dukeleto.jpg; sourceTree = "<group>"; };
		63495F761109393500EE0CE2 /* gordonmeyer.jpg */ = {isa = PBXFileReference; lastKnownFileType = image.jpeg; path = gordonmeyer.jpg; sourceTree = "<group>"; };
		6357C0541115488600695BAA /* avatar_frame.png */ = {isa = PBXFileReference; lastKnownFileType = image.png; path = avatar_frame.png; sourceTree = "<group>"; };
		637CD14A110BAF5A00B547D1 /* BuzzerCell.xib */ = {isa = PBXFileReference; lastKnownFileType = file.xib; name = BuzzerCell.xib; path = Classes/BuzzerCell.xib; sourceTree = "<group>"; };
		637CD16D110BB94900B547D1 /* BuzzerCell.h */ = {isa = PBXFileReference; fileEncoding = 4; lastKnownFileType = sourcecode.c.h; path = BuzzerCell.h; sourceTree = "<group>"; };
		637CD16E110BB94900B547D1 /* BuzzerCell.m */ = {isa = PBXFileReference; fileEncoding = 4; lastKnownFileType = sourcecode.c.objc; path = BuzzerCell.m; sourceTree = "<group>"; };
		637CD26F110C27A700B547D1 /* QuartzCore.framework */ = {isa = PBXFileReference; lastKnownFileType = wrapper.framework; name = QuartzCore.framework; path = System/Library/Frameworks/QuartzCore.framework; sourceTree = SDKROOT; };
		637CD297110D124000B547D1 /* MessageCell.h */ = {isa = PBXFileReference; fileEncoding = 4; lastKnownFileType = sourcecode.c.h; path = MessageCell.h; sourceTree = "<group>"; };
		637CD298110D124000B547D1 /* MessageCell.m */ = {isa = PBXFileReference; fileEncoding = 4; lastKnownFileType = sourcecode.c.objc; path = MessageCell.m; sourceTree = "<group>"; };
		637CD29A110D125600B547D1 /* MessageCell.xib */ = {isa = PBXFileReference; lastKnownFileType = file.xib; path = MessageCell.xib; sourceTree = "<group>"; };
		637CD353110D4B2E00B547D1 /* theory.jpg */ = {isa = PBXFileReference; lastKnownFileType = image.jpeg; path = theory.jpg; sourceTree = "<group>"; };
		637CD355110D4B8A00B547D1 /* your_bubble.png */ = {isa = PBXFileReference; lastKnownFileType = image.png; path = your_bubble.png; sourceTree = "<group>"; };
		637CD356110D4B8A00B547D1 /* my_bubble.png */ = {isa = PBXFileReference; lastKnownFileType = image.png; path = my_bubble.png; sourceTree = "<group>"; };
		637F71FE110418A000A78F75 /* BuzzerViewController.h */ = {isa = PBXFileReference; fileEncoding = 4; lastKnownFileType = sourcecode.c.h; path = BuzzerViewController.h; sourceTree = "<group>"; };
		637F71FF110418A000A78F75 /* BuzzerViewController.m */ = {isa = PBXFileReference; fileEncoding = 4; lastKnownFileType = sourcecode.c.objc; path = BuzzerViewController.m; sourceTree = "<group>"; };
		637F73101104360400A78F75 /* ConfigViewController.h */ = {isa = PBXFileReference; fileEncoding = 4; lastKnownFileType = sourcecode.c.h; path = ConfigViewController.h; sourceTree = "<group>"; };
		637F73111104360400A78F75 /* ConfigViewController.m */ = {isa = PBXFileReference; fileEncoding = 4; lastKnownFileType = sourcecode.c.objc; path = ConfigViewController.m; sourceTree = "<group>"; };
		8D1107310486CEB800E47090 /* Buzzalot-Info.plist */ = {isa = PBXFileReference; fileEncoding = 4; lastKnownFileType = text.plist.xml; path = "Buzzalot-Info.plist"; plistStructureDefinitionIdentifier = "com.apple.xcode.plist.structure-definition.iphone.info-plist"; sourceTree = "<group>"; };
/* End PBXFileReference section */

/* Begin PBXFrameworksBuildPhase section */
		1D60588F0D05DD3D006BFB54 /* Frameworks */ = {
			isa = PBXFrameworksBuildPhase;
			buildActionMask = 2147483647;
			files = (
				1D60589F0D05DD5A006BFB54 /* Foundation.framework in Frameworks */,
				1DF5F4E00D08C38300B7A737 /* UIKit.framework in Frameworks */,
				2892E4100DC94CBA00A64D0F /* CoreGraphics.framework in Frameworks */,
				28860BE50F44EE6400985440 /* CoreData.framework in Frameworks */,
				637CD270110C27A700B547D1 /* QuartzCore.framework in Frameworks */,
			);
			runOnlyForDeploymentPostprocessing = 0;
		};
/* End PBXFrameworksBuildPhase section */

/* Begin PBXGroup section */
		080E96DDFE201D6D7F000001 /* Classes */ = {
			isa = PBXGroup;
			children = (
				28C286DF0D94DF7D0034E888 /* RootViewController.h */,
				28C286E00D94DF7D0034E888 /* RootViewController.m */,
				637F71FE110418A000A78F75 /* BuzzerViewController.h */,
				637F71FF110418A000A78F75 /* BuzzerViewController.m */,
				637F73101104360400A78F75 /* ConfigViewController.h */,
				637F73111104360400A78F75 /* ConfigViewController.m */,
				1D3623240D0F684500981E51 /* BuzzalotAppDelegate.h */,
				1D3623250D0F684500981E51 /* BuzzalotAppDelegate.m */,
				637CD16D110BB94900B547D1 /* BuzzerCell.h */,
				637CD16E110BB94900B547D1 /* BuzzerCell.m */,
				637CD297110D124000B547D1 /* MessageCell.h */,
				637CD298110D124000B547D1 /* MessageCell.m */,
			);
			path = Classes;
			sourceTree = "<group>";
		};
		19C28FACFE9D520D11CA2CBB /* Products */ = {
			isa = PBXGroup;
			children = (
				1D6058910D05DD3D006BFB54 /* Buzzalot.app */,
			);
			name = Products;
			sourceTree = "<group>";
		};
		29B97314FDCFA39411CA2CEA /* CustomTemplate */ = {
			isa = PBXGroup;
			children = (
				080E96DDFE201D6D7F000001 /* Classes */,
				29B97315FDCFA39411CA2CEA /* Other Sources */,
				29B97317FDCFA39411CA2CEA /* Resources */,
				29B97323FDCFA39411CA2CEA /* Frameworks */,
				19C28FACFE9D520D11CA2CBB /* Products */,
			);
			name = CustomTemplate;
			sourceTree = "<group>";
		};
		29B97315FDCFA39411CA2CEA /* Other Sources */ = {
			isa = PBXGroup;
			children = (
				28A0AAE50D9B0CCF005BE974 /* Buzzalot_Prefix.pch */,
				29B97316FDCFA39411CA2CEA /* main.m */,
			);
			name = "Other Sources";
			sourceTree = "<group>";
		};
		29B97317FDCFA39411CA2CEA /* Resources */ = {
			isa = PBXGroup;
			children = (
				6357C0541115488600695BAA /* avatar_frame.png */,
				637CD355110D4B8A00B547D1 /* your_bubble.png */,
				637CD356110D4B8A00B547D1 /* my_bubble.png */,
				63495F2F1109361B00EE0CE2 /* avatars */,
				28860B760F44E54D00985440 /* Buzzalot.xcdatamodel */,
				2899E55F0DE3E45000AC0155 /* RootViewController.xib */,
				637CD14A110BAF5A00B547D1 /* BuzzerCell.xib */,
				637CD29A110D125600B547D1 /* MessageCell.xib */,
				28AD735F0D9D9599002E5188 /* MainWindow.xib */,
				8D1107310486CEB800E47090 /* Buzzalot-Info.plist */,
			);
			name = Resources;
			sourceTree = "<group>";
		};
		29B97323FDCFA39411CA2CEA /* Frameworks */ = {
			isa = PBXGroup;
			children = (
				1DF5F4DF0D08C38300B7A737 /* UIKit.framework */,
				1D30AB110D05D00D00671497 /* Foundation.framework */,
				2892E40F0DC94CBA00A64D0F /* CoreGraphics.framework */,
				28860BE40F44EE6400985440 /* CoreData.framework */,
				637CD26F110C27A700B547D1 /* QuartzCore.framework */,
			);
			name = Frameworks;
			sourceTree = "<group>";
		};
		63495F2F1109361B00EE0CE2 /* avatars */ = {
			isa = PBXGroup;
			children = (
				637CD353110D4B2E00B547D1 /* theory.jpg */,
				63495F68110938C100EE0CE2 /* turoczy.jpg */,
				63495F761109393500EE0CE2 /* gordonmeyer.jpg */,
				63495F721109390C00EE0CE2 /* dukeleto.jpg */,
				63495F701109390500EE0CE2 /* rlepage.jpg */,
				63495F6E1109390000EE0CE2 /* sachmet.jpg */,
				63495F6C110938FA00EE0CE2 /* strongrrl.jpg */,
				63495F0F1109342D00EE0CE2 /* caseywest.jpg */,
				63495F00110933C100EE0CE2 /* timbunce.jpg */,
				63495ED91109321700EE0CE2 /* duncan.jpg */,
			);
			name = avatars;
			sourceTree = "<group>";
		};
/* End PBXGroup section */

/* Begin PBXNativeTarget section */
		1D6058900D05DD3D006BFB54 /* Buzzalot */ = {
			isa = PBXNativeTarget;
			buildConfigurationList = 1D6058960D05DD3E006BFB54 /* Build configuration list for PBXNativeTarget "Buzzalot" */;
			buildPhases = (
				1D60588D0D05DD3D006BFB54 /* Resources */,
				1D60588E0D05DD3D006BFB54 /* Sources */,
				1D60588F0D05DD3D006BFB54 /* Frameworks */,
			);
			buildRules = (
			);
			dependencies = (
			);
			name = Buzzalot;
			productName = Buzzalot;
			productReference = 1D6058910D05DD3D006BFB54 /* Buzzalot.app */;
			productType = "com.apple.product-type.application";
		};
/* End PBXNativeTarget section */

/* Begin PBXProject section */
		29B97313FDCFA39411CA2CEA /* Project object */ = {
			isa = PBXProject;
			attributes = {
				BuildIndependentTargetsInParallel = NO;
			};
			buildConfigurationList = C01FCF4E08A954540054247B /* Build configuration list for PBXProject "Buzzalot" */;
			compatibilityVersion = "Xcode 3.1";
			hasScannedForEncodings = 1;
			knownRegions = (
				English,
				Japanese,
				French,
				German,
				en,
			);
			mainGroup = 29B97314FDCFA39411CA2CEA /* CustomTemplate */;
			projectDirPath = "";
			projectRoot = "";
			targets = (
				1D6058900D05DD3D006BFB54 /* Buzzalot */,
			);
		};
/* End PBXProject section */

/* Begin PBXResourcesBuildPhase section */
		1D60588D0D05DD3D006BFB54 /* Resources */ = {
			isa = PBXResourcesBuildPhase;
			buildActionMask = 2147483647;
			files = (
				28AD73600D9D9599002E5188 /* MainWindow.xib in Resources */,
				2899E5600DE3E45000AC0155 /* RootViewController.xib in Resources */,
				63495EDA1109321700EE0CE2 /* duncan.jpg in Resources */,
				63495F01110933C100EE0CE2 /* timbunce.jpg in Resources */,
				63495F101109342D00EE0CE2 /* caseywest.jpg in Resources */,
				63495F69110938C100EE0CE2 /* turoczy.jpg in Resources */,
				63495F6D110938FA00EE0CE2 /* strongrrl.jpg in Resources */,
				63495F6F1109390000EE0CE2 /* sachmet.jpg in Resources */,
				63495F711109390500EE0CE2 /* rlepage.jpg in Resources */,
				63495F731109390C00EE0CE2 /* dukeleto.jpg in Resources */,
				63495F771109393500EE0CE2 /* gordonmeyer.jpg in Resources */,
				637CD14B110BAF5A00B547D1 /* BuzzerCell.xib in Resources */,
				637CD29B110D125600B547D1 /* MessageCell.xib in Resources */,
				637CD354110D4B2E00B547D1 /* theory.jpg in Resources */,
				637CD357110D4B8A00B547D1 /* your_bubble.png in Resources */,
				637CD358110D4B8A00B547D1 /* my_bubble.png in Resources */,
				6357C0551115488600695BAA /* avatar_frame.png in Resources */,
			);
			runOnlyForDeploymentPostprocessing = 0;
		};
/* End PBXResourcesBuildPhase section */

/* Begin PBXSourcesBuildPhase section */
		1D60588E0D05DD3D006BFB54 /* Sources */ = {
			isa = PBXSourcesBuildPhase;
			buildActionMask = 2147483647;
			files = (
				1D60589B0D05DD56006BFB54 /* main.m in Sources */,
				1D3623260D0F684500981E51 /* BuzzalotAppDelegate.m in Sources */,
				28C286E10D94DF7D0034E888 /* RootViewController.m in Sources */,
				28860B770F44E54D00985440 /* Buzzalot.xcdatamodel in Sources */,
				637F7201110418A000A78F75 /* BuzzerViewController.m in Sources */,
				637F73131104360400A78F75 /* ConfigViewController.m in Sources */,
				637CD16F110BB94900B547D1 /* BuzzerCell.m in Sources */,
				637CD299110D124000B547D1 /* MessageCell.m in Sources */,
			);
			runOnlyForDeploymentPostprocessing = 0;
		};
/* End PBXSourcesBuildPhase section */

/* Begin XCBuildConfiguration section */
		1D6058940D05DD3E006BFB54 /* Debug */ = {
			isa = XCBuildConfiguration;
			buildSettings = {
				ALWAYS_SEARCH_USER_PATHS = NO;
				COPY_PHASE_STRIP = NO;
				GCC_DYNAMIC_NO_PIC = NO;
				GCC_OPTIMIZATION_LEVEL = 0;
				GCC_PRECOMPILE_PREFIX_HEADER = YES;
				GCC_PREFIX_HEADER = Buzzalot_Prefix.pch;
				INFOPLIST_FILE = "Buzzalot-Info.plist";
				PRODUCT_NAME = Buzzalot;
			};
			name = Debug;
		};
		1D6058950D05DD3E006BFB54 /* Release */ = {
			isa = XCBuildConfiguration;
			buildSettings = {
				ALWAYS_SEARCH_USER_PATHS = NO;
				COPY_PHASE_STRIP = YES;
				GCC_PRECOMPILE_PREFIX_HEADER = YES;
				GCC_PREFIX_HEADER = Buzzalot_Prefix.pch;
				INFOPLIST_FILE = "Buzzalot-Info.plist";
				PRODUCT_NAME = Buzzalot;
			};
			name = Release;
		};
		C01FCF4F08A954540054247B /* Debug */ = {
			isa = XCBuildConfiguration;
			buildSettings = {
				ARCHS = "$(ARCHS_STANDARD_32_BIT)";
				"CODE_SIGN_IDENTITY[sdk=iphoneos*]" = "iPhone Developer";
				GCC_C_LANGUAGE_STANDARD = c99;
				GCC_WARN_ABOUT_RETURN_TYPE = YES;
				GCC_WARN_UNUSED_VARIABLE = YES;
				PREBINDING = NO;
				"PROVISIONING_PROFILE[sdk=iphoneos*]" = "";
				SDKROOT = iphoneos3.1.2;
			};
			name = Debug;
		};
		C01FCF5008A954540054247B /* Release */ = {
			isa = XCBuildConfiguration;
			buildSettings = {
				ARCHS = "$(ARCHS_STANDARD_32_BIT)";
				"CODE_SIGN_IDENTITY[sdk=iphoneos*]" = "iPhone Developer";
				GCC_C_LANGUAGE_STANDARD = c99;
				GCC_WARN_ABOUT_RETURN_TYPE = YES;
				GCC_WARN_UNUSED_VARIABLE = YES;
				PREBINDING = NO;
				SDKROOT = iphoneos3.1.2;
			};
			name = Release;
		};
/* End XCBuildConfiguration section */

/* Begin XCConfigurationList section */
		1D6058960D05DD3E006BFB54 /* Build configuration list for PBXNativeTarget "Buzzalot" */ = {
			isa = XCConfigurationList;
			buildConfigurations = (
				1D6058940D05DD3E006BFB54 /* Debug */,
				1D6058950D05DD3E006BFB54 /* Release */,
			);
			defaultConfigurationIsVisible = 0;
			defaultConfigurationName = Release;
		};
		C01FCF4E08A954540054247B /* Build configuration list for PBXProject "Buzzalot" */ = {
			isa = XCConfigurationList;
			buildConfigurations = (
				C01FCF4F08A954540054247B /* Debug */,
				C01FCF5008A954540054247B /* Release */,
			);
			defaultConfigurationIsVisible = 0;
			defaultConfigurationName = Release;
		};
/* End XCConfigurationList section */
	};
	rootObject = 29B97313FDCFA39411CA2CEA /* Project object */;
}
